// !$*UTF8*$!
{
	archiveVersion = 1;
	classes = {
	};
	objectVersion = 77;
	objects = {

/* Begin PBXBuildFile section */
		09C8AD652F3D988900A56B93 /* LLMService in Frameworks */ = {isa = PBXBuildFile; productRef = 09C8AD642F3D988900A56B93 /* LLMService */; };
/* End PBXBuildFile section */

/* Begin PBXContainerItemProxy section */
		09C8AD222F3D97E800A56B93 /* PBXContainerItemProxy */ = {
			isa = PBXContainerItemProxy;
			containerPortal = 09C8AD0C2F3D97E700A56B93 /* Project object */;
			proxyType = 1;
			remoteGlobalIDString = 09C8AD132F3D97E700A56B93;
			remoteInfo = LLMTestStudio;
		};
		09C8AD2C2F3D97E800A56B93 /* PBXContainerItemProxy */ = {
			isa = PBXContainerItemProxy;
			containerPortal = 09C8AD0C2F3D97E700A56B93 /* Project object */;
			proxyType = 1;
			remoteGlobalIDString = 09C8AD132F3D97E700A56B93;
			remoteInfo = LLMTestStudio;
		};
/* End PBXContainerItemProxy section */

/* Begin PBXFileReference section */
		09C8AD142F3D97E700A56B93 /* LLMTestStudio.app */ = {isa = PBXFileReference; explicitFileType = wrapper.application; includeInIndex = 0; path = LLMTestStudio.app; sourceTree = BUILT_PRODUCTS_DIR; };
		09C8AD212F3D97E800A56B93 /* LLMTestStudioTests.xctest */ = {isa = PBXFileReference; explicitFileType = wrapper.cfbundle; includeInIndex = 0; path = LLMTestStudioTests.xctest; sourceTree = BUILT_PRODUCTS_DIR; };
		09C8AD2B2F3D97E800A56B93 /* LLMTestStudioUITests.xctest */ = {isa = PBXFileReference; explicitFileType = wrapper.cfbundle; includeInIndex = 0; path = LLMTestStudioUITests.xctest; sourceTree = BUILT_PRODUCTS_DIR; };
/* End PBXFileReference section */

/* Begin PBXFileSystemSynchronizedRootGroup section */
		09C8AD162F3D97E700A56B93 /* LLMTestStudio */ = {
			isa = PBXFileSystemSynchronizedRootGroup;
			path = LLMTestStudio;
			sourceTree = "<group>";
		};
		09C8AD242F3D97E800A56B93 /* LLMTestStudioTests */ = {
			isa = PBXFileSystemSynchronizedRootGroup;
			path = LLMTestStudioTests;
			sourceTree = "<group>";
		};
		09C8AD2E2F3D97E800A56B93 /* LLMTestStudioUITests */ = {
			isa = PBXFileSystemSynchronizedRootGroup;
			path = LLMTestStudioUITests;
			sourceTree = "<group>";
		};
/* End PBXFileSystemSynchronizedRootGroup section */

/* Begin PBXFrameworksBuildPhase section */
		09C8AD112F3D97E700A56B93 /* Frameworks */ = {
			isa = PBXFrameworksBuildPhase;
			buildActionMask = 2147483647;
			files = (
				09C8AD652F3D988900A56B93 /* LLMService in Frameworks */,
			);
			runOnlyForDeploymentPostprocessing = 0;
		};
		09C8AD1E2F3D97E800A56B93 /* Frameworks */ = {
			isa = PBXFrameworksBuildPhase;
			buildActionMask = 2147483647;
			files = (
			);
			runOnlyForDeploymentPostprocessing = 0;
		};
		09C8AD282F3D97E800A56B93 /* Frameworks */ = {
			isa = PBXFrameworksBuildPhase;
			buildActionMask = 2147483647;
			files = (
			);
			runOnlyForDeploymentPostprocessing = 0;
		};
/* End PBXFrameworksBuildPhase section */

/* Begin PBXGroup section */
		09C8AD0B2F3D97E700A56B93 = {
			isa = PBXGroup;
			children = (
				09C8AD162F3D97E700A56B93 /* LLMTestStudio */,
				09C8AD242F3D97E800A56B93 /* LLMTestStudioTests */,
				09C8AD2E2F3D97E800A56B93 /* LLMTestStudioUITests */,
				09C8AD632F3D988900A56B93 /* Frameworks */,
				09C8AD152F3D97E700A56B93 /* Products */,
			);
			sourceTree = "<group>";
		};
		09C8AD152F3D97E700A56B93 /* Products */ = {
			isa = PBXGroup;
			children = (
				09C8AD142F3D97E700A56B93 /* LLMTestStudio.app */,
				09C8AD212F3D97E800A56B93 /* LLMTestStudioTests.xctest */,
				09C8AD2B2F3D97E800A56B93 /* LLMTestStudioUITests.xctest */,
			);
			name = Products;
			sourceTree = "<group>";
		};
		09C8AD632F3D988900A56B93 /* Frameworks */ = {
			isa = PBXGroup;
			children = (
			);
			name = Frameworks;
			sourceTree = "<group>";
		};
/* End PBXGroup section */

/* Begin PBXNativeTarget section */
		09C8AD132F3D97E700A56B93 /* LLMTestStudio */ = {
			isa = PBXNativeTarget;
			buildConfigurationList = 09C8AD352F3D97E800A56B93 /* Build configuration list for PBXNativeTarget "LLMTestStudio" */;
			buildPhases = (
				09C8AD102F3D97E700A56B93 /* Sources */,
				09C8AD112F3D97E700A56B93 /* Frameworks */,
				09C8AD122F3D97E700A56B93 /* Resources */,
			);
			buildRules = (
			);
			dependencies = (
			);
			fileSystemSynchronizedGroups = (
				09C8AD162F3D97E700A56B93 /* LLMTestStudio */,
			);
			name = LLMTestStudio;
			packageProductDependencies = (
				09C8AD642F3D988900A56B93 /* LLMService */,
			);
			productName = LLMTestStudio;
			productReference = 09C8AD142F3D97E700A56B93 /* LLMTestStudio.app */;
			productType = "com.apple.product-type.application";
		};
		09C8AD202F3D97E800A56B93 /* LLMTestStudioTests */ = {
			isa = PBXNativeTarget;
			buildConfigurationList = 09C8AD382F3D97E800A56B93 /* Build configuration list for PBXNativeTarget "LLMTestStudioTests" */;
			buildPhases = (
				09C8AD1D2F3D97E800A56B93 /* Sources */,
				09C8AD1E2F3D97E800A56B93 /* Frameworks */,
				09C8AD1F2F3D97E800A56B93 /* Resources */,
			);
			buildRules = (
			);
			dependencies = (
				09C8AD232F3D97E800A56B93 /* PBXTargetDependency */,
			);
			fileSystemSynchronizedGroups = (
				09C8AD242F3D97E800A56B93 /* LLMTestStudioTests */,
			);
			name = LLMTestStudioTests;
			packageProductDependencies = (
			);
			productName = LLMTestStudioTests;
			productReference = 09C8AD212F3D97E800A56B93 /* LLMTestStudioTests.xctest */;
			productType = "com.apple.product-type.bundle.unit-test";
		};
		09C8AD2A2F3D97E800A56B93 /* LLMTestStudioUITests */ = {
			isa = PBXNativeTarget;
			buildConfigurationList = 09C8AD3B2F3D97E800A56B93 /* Build configuration list for PBXNativeTarget "LLMTestStudioUITests" */;
			buildPhases = (
				09C8AD272F3D97E800A56B93 /* Sources */,
				09C8AD282F3D97E800A56B93 /* Frameworks */,
				09C8AD292F3D97E800A56B93 /* Resources */,
			);
			buildRules = (
			);
			dependencies = (
				09C8AD2D2F3D97E800A56B93 /* PBXTargetDependency */,
			);
			fileSystemSynchronizedGroups = (
				09C8AD2E2F3D97E800A56B93 /* LLMTestStudioUITests */,
			);
			name = LLMTestStudioUITests;
			packageProductDependencies = (
			);
			productName = LLMTestStudioUITests;
			productReference = 09C8AD2B2F3D97E800A56B93 /* LLMTestStudioUITests.xctest */;
			productType = "com.apple.product-type.bundle.ui-testing";
		};
/* End PBXNativeTarget section */

/* Begin PBXProject section */
		09C8AD0C2F3D97E700A56B93 /* Project object */ = {
			isa = PBXProject;
			attributes = {
				BuildIndependentTargetsInParallel = 1;
				LastSwiftUpdateCheck = 2620;
				LastUpgradeCheck = 2620;
				TargetAttributes = {
					09C8AD132F3D97E700A56B93 = {
						CreatedOnToolsVersion = 26.2;
					};
					09C8AD202F3D97E800A56B93 = {
						CreatedOnToolsVersion = 26.2;
						TestTargetID = 09C8AD132F3D97E700A56B93;
					};
					09C8AD2A2F3D97E800A56B93 = {
						CreatedOnToolsVersion = 26.2;
						TestTargetID = 09C8AD132F3D97E700A56B93;
					};
				};
			};
			buildConfigurationList = 09C8AD0F2F3D97E700A56B93 /* Build configuration list for PBXProject "LLMTestStudio" */;
			developmentRegion = en;
			hasScannedForEncodings = 0;
			knownRegions = (
				en,
				Base,
			);
			mainGroup = 09C8AD0B2F3D97E700A56B93;
			minimizedProjectReferenceProxies = 1;
			preferredProjectObjectVersion = 77;
			packageReferences = (
				09C8AD662F3D989000A56B93 /* XCLocalSwiftPackageReference "LLMService" */,
			);
			productRefGroup = 09C8AD152F3D97E700A56B93 /* Products */;
			projectDirPath = "";
			projectRoot = "";
			targets = (
				09C8AD132F3D97E700A56B93 /* LLMTestStudio */,
				09C8AD202F3D97E800A56B93 /* LLMTestStudioTests */,
				09C8AD2A2F3D97E800A56B93 /* LLMTestStudioUITests */,
			);
		};
/* End PBXProject section */

/* Begin PBXResourcesBuildPhase section */
		09C8AD122F3D97E700A56B93 /* Resources */ = {
			isa = PBXResourcesBuildPhase;
			buildActionMask = 2147483647;
			files = (
			);
			runOnlyForDeploymentPostprocessing = 0;
		};
		09C8AD1F2F3D97E800A56B93 /* Resources */ = {
			isa = PBXResourcesBuildPhase;
			buildActionMask = 2147483647;
			files = (
			);
			runOnlyForDeploymentPostprocessing = 0;
		};
		09C8AD292F3D97E800A56B93 /* Resources */ = {
			isa = PBXResourcesBuildPhase;
			buildActionMask = 2147483647;
			files = (
			);
			runOnlyForDeploymentPostprocessing = 0;
		};
/* End PBXResourcesBuildPhase section */

/* Begin PBXSourcesBuildPhase section */
		09C8AD102F3D97E700A56B93 /* Sources */ = {
			isa = PBXSourcesBuildPhase;
			buildActionMask = 2147483647;
			files = (
			);
			runOnlyForDeploymentPostprocessing = 0;
		};
		09C8AD1D2F3D97E800A56B93 /* Sources */ = {
			isa = PBXSourcesBuildPhase;
			buildActionMask = 2147483647;
			files = (
			);
			runOnlyForDeploymentPostprocessing = 0;
		};
		09C8AD272F3D97E800A56B93 /* Sources */ = {
			isa = PBXSourcesBuildPhase;
			buildActionMask = 2147483647;
			files = (
			);
			runOnlyForDeploymentPostprocessing = 0;
		};
/* End PBXSourcesBuildPhase section */

/* Begin PBXTargetDependency section */
		09C8AD232F3D97E800A56B93 /* PBXTargetDependency */ = {
			isa = PBXTargetDependency;
			target = 09C8AD132F3D97E700A56B93 /* LLMTestStudio */;
			targetProxy = 09C8AD222F3D97E800A56B93 /* PBXContainerItemProxy */;
		};
		09C8AD2D2F3D97E800A56B93 /* PBXTargetDependency */ = {
			isa = PBXTargetDependency;
			target = 09C8AD132F3D97E700A56B93 /* LLMTestStudio */;
			targetProxy = 09C8AD2C2F3D97E800A56B93 /* PBXContainerItemProxy */;
		};
/* End PBXTargetDependency section */

/* Begin XCBuildConfiguration section */
		09C8AD332F3D97E800A56B93 /* Debug */ = {
			isa = XCBuildConfiguration;
			buildSettings = {
				ALWAYS_SEARCH_USER_PATHS = NO;
				ASSETCATALOG_COMPILER_GENERATE_SWIFT_ASSET_SYMBOL_EXTENSIONS = YES;
				CLANG_ANALYZER_NONNULL = YES;
				CLANG_ANALYZER_NUMBER_OBJECT_CONVERSION = YES_AGGRESSIVE;
				CLANG_CXX_LANGUAGE_STANDARD = "gnu++20";
				CLANG_ENABLE_MODULES = YES;
				CLANG_ENABLE_OBJC_ARC = YES;
				CLANG_ENABLE_OBJC_WEAK = YES;
				CLANG_WARN_BLOCK_CAPTURE_AUTORELEASING = YES;
				CLANG_WARN_BOOL_CONVERSION = YES;
				CLANG_WARN_COMMA = YES;
				CLANG_WARN_CONSTANT_CONVERSION = YES;
				CLANG_WARN_DEPRECATED_OBJC_IMPLEMENTATIONS = YES;
				CLANG_WARN_DIRECT_OBJC_ISA_USAGE = YES_ERROR;
				CLANG_WARN_DOCUMENTATION_COMMENTS = YES;
				CLANG_WARN_EMPTY_BODY = YES;
				CLANG_WARN_ENUM_CONVERSION = YES;
				CLANG_WARN_INFINITE_RECURSION = YES;
				CLANG_WARN_INT_CONVERSION = YES;
				CLANG_WARN_NON_LITERAL_NULL_CONVERSION = YES;
				CLANG_WARN_OBJC_IMPLICIT_RETAIN_SELF = YES;
				CLANG_WARN_OBJC_LITERAL_CONVERSION = YES;
				CLANG_WARN_OBJC_ROOT_CLASS = YES_ERROR;
				CLANG_WARN_QUOTED_INCLUDE_IN_FRAMEWORK_HEADER = YES;
				CLANG_WARN_RANGE_LOOP_ANALYSIS = YES;
				CLANG_WARN_STRICT_PROTOTYPES = YES;
				CLANG_WARN_SUSPICIOUS_MOVE = YES;
				CLANG_WARN_UNGUARDED_AVAILABILITY = YES_AGGRESSIVE;
				CLANG_WARN_UNREACHABLE_CODE = YES;
				CLANG_WARN__DUPLICATE_METHOD_MATCH = YES;
				COPY_PHASE_STRIP = NO;
				DEBUG_INFORMATION_FORMAT = dwarf;
				DEVELOPMENT_TEAM = AJW4V2TF38;
				ENABLE_STRICT_OBJC_MSGSEND = YES;
				ENABLE_TESTABILITY = YES;
				ENABLE_USER_SCRIPT_SANDBOXING = YES;
				GCC_C_LANGUAGE_STANDARD = gnu17;
				GCC_DYNAMIC_NO_PIC = NO;
				GCC_NO_COMMON_BLOCKS = YES;
				GCC_OPTIMIZATION_LEVEL = 0;
				GCC_PREPROCESSOR_DEFINITIONS = (
					"DEBUG=1",
					"$(inherited)",
				);
				GCC_WARN_64_TO_32_BIT_CONVERSION = YES;
				GCC_WARN_ABOUT_RETURN_TYPE = YES_ERROR;
				GCC_WARN_UNDECLARED_SELECTOR = YES;
				GCC_WARN_UNINITIALIZED_AUTOS = YES_AGGRESSIVE;
				GCC_WARN_UNUSED_FUNCTION = YES;
				GCC_WARN_UNUSED_VARIABLE = YES;
				LOCALIZATION_PREFERS_STRING_CATALOGS = YES;
				MACOSX_DEPLOYMENT_TARGET = 15.7;
				MTL_ENABLE_DEBUG_INFO = INCLUDE_SOURCE;
				MTL_FAST_MATH = YES;
				ONLY_ACTIVE_ARCH = YES;
				SDKROOT = macosx;
				SWIFT_ACTIVE_COMPILATION_CONDITIONS = "DEBUG $(inherited)";
				SWIFT_OPTIMIZATION_LEVEL = "-Onone";
			};
			name = Debug;
		};
		09C8AD342F3D97E800A56B93 /* Release */ = {
			isa = XCBuildConfiguration;
			buildSettings = {
				ALWAYS_SEARCH_USER_PATHS = NO;
				ASSETCATALOG_COMPILER_GENERATE_SWIFT_ASSET_SYMBOL_EXTENSIONS = YES;
				CLANG_ANALYZER_NONNULL = YES;
				CLANG_ANALYZER_NUMBER_OBJECT_CONVERSION = YES_AGGRESSIVE;
				CLANG_CXX_LANGUAGE_STANDARD = "gnu++20";
				CLANG_ENABLE_MODULES = YES;
				CLANG_ENABLE_OBJC_ARC = YES;
				CLANG_ENABLE_OBJC_WEAK = YES;
				CLANG_WARN_BLOCK_CAPTURE_AUTORELEASING = YES;
				CLANG_WARN_BOOL_CONVERSION = YES;
				CLANG_WARN_COMMA = YES;
				CLANG_WARN_CONSTANT_CONVERSION = YES;
				CLANG_WARN_DEPRECATED_OBJC_IMPLEMENTATIONS = YES;
				CLANG_WARN_DIRECT_OBJC_ISA_USAGE = YES_ERROR;
				CLANG_WARN_DOCUMENTATION_COMMENTS = YES;
				CLANG_WARN_EMPTY_BODY = YES;
				CLANG_WARN_ENUM_CONVERSION = YES;
				CLANG_WARN_INFINITE_RECURSION = YES;
				CLANG_WARN_INT_CONVERSION = YES;
				CLANG_WARN_NON_LITERAL_NULL_CONVERSION = YES;
				CLANG_WARN_OBJC_IMPLICIT_RETAIN_SELF = YES;
				CLANG_WARN_OBJC_LITERAL_CONVERSION = YES;
				CLANG_WARN_OBJC_ROOT_CLASS = YES_ERROR;
				CLANG_WARN_QUOTED_INCLUDE_IN_FRAMEWORK_HEADER = YES;
				CLANG_WARN_RANGE_LOOP_ANALYSIS = YES;
				CLANG_WARN_STRICT_PROTOTYPES = YES;
				CLANG_WARN_SUSPICIOUS_MOVE = YES;
				CLANG_WARN_UNGUARDED_AVAILABILITY = YES_AGGRESSIVE;
				CLANG_WARN_UNREACHABLE_CODE = YES;
				CLANG_WARN__DUPLICATE_METHOD_MATCH = YES;
				COPY_PHASE_STRIP = NO;
				DEBUG_INFORMATION_FORMAT = "dwarf-with-dsym";
				DEVELOPMENT_TEAM = AJW4V2TF38;
				ENABLE_NS_ASSERTIONS = NO;
				ENABLE_STRICT_OBJC_MSGSEND = YES;
				ENABLE_USER_SCRIPT_SANDBOXING = YES;
				GCC_C_LANGUAGE_STANDARD = gnu17;
				GCC_NO_COMMON_BLOCKS = YES;
				GCC_WARN_64_TO_32_BIT_CONVERSION = YES;
				GCC_WARN_ABOUT_RETURN_TYPE = YES_ERROR;
				GCC_WARN_UNDECLARED_SELECTOR = YES;
				GCC_WARN_UNINITIALIZED_AUTOS = YES_AGGRESSIVE;
				GCC_WARN_UNUSED_FUNCTION = YES;
				GCC_WARN_UNUSED_VARIABLE = YES;
				LOCALIZATION_PREFERS_STRING_CATALOGS = YES;
				MACOSX_DEPLOYMENT_TARGET = 15.7;
				MTL_ENABLE_DEBUG_INFO = NO;
				MTL_FAST_MATH = YES;
				SDKROOT = macosx;
				SWIFT_COMPILATION_MODE = wholemodule;
			};
			name = Release;
		};
		09C8AD362F3D97E800A56B93 /* Debug */ = {
			isa = XCBuildConfiguration;
			buildSettings = {
				ASSETCATALOG_COMPILER_APPICON_NAME = AppIcon;
				ASSETCATALOG_COMPILER_GLOBAL_ACCENT_COLOR_NAME = AccentColor;
				CODE_SIGN_STYLE = Automatic;
				COMBINE_HIDPI_IMAGES = YES;
				CURRENT_PROJECT_VERSION = 1;
				DEVELOPMENT_TEAM = AJW4V2TF38;
				ENABLE_APP_SANDBOX = YES;
				ENABLE_HARDENED_RUNTIME = YES;
				ENABLE_INCOMING_NETWORK_CONNECTIONS = YES;
				ENABLE_OUTGOING_NETWORK_CONNECTIONS = YES;
				ENABLE_PREVIEWS = YES;
				ENABLE_RESOURCE_ACCESS_AUDIO_INPUT = NO;
				ENABLE_RESOURCE_ACCESS_BLUETOOTH = NO;
				ENABLE_RESOURCE_ACCESS_CALENDARS = NO;
				ENABLE_RESOURCE_ACCESS_CAMERA = NO;
				ENABLE_RESOURCE_ACCESS_CONTACTS = NO;
				ENABLE_RESOURCE_ACCESS_LOCATION = NO;
				ENABLE_RESOURCE_ACCESS_PRINTING = NO;
				ENABLE_RESOURCE_ACCESS_USB = NO;
				ENABLE_USER_SELECTED_FILES = readwrite;
				GENERATE_INFOPLIST_FILE = YES;
				INFOPLIST_KEY_NSHumanReadableCopyright = "";
				LD_RUNPATH_SEARCH_PATHS = (
					"$(inherited)",
					"@executable_path/../Frameworks",
				);
				MARKETING_VERSION = 1.0;
				PRODUCT_BUNDLE_IDENTIFIER = io.hidocu.LLMTestStudio;
				PRODUCT_NAME = "$(TARGET_NAME)";
				REGISTER_APP_GROUPS = YES;
				STRING_CATALOG_GENERATE_SYMBOLS = YES;
				SWIFT_APPROACHABLE_CONCURRENCY = YES;
				SWIFT_DEFAULT_ACTOR_ISOLATION = MainActor;
				SWIFT_EMIT_LOC_STRINGS = YES;
				SWIFT_UPCOMING_FEATURE_MEMBER_IMPORT_VISIBILITY = YES;
				SWIFT_VERSION = 5.0;
			};
			name = Debug;
		};
		09C8AD372F3D97E800A56B93 /* Release */ = {
			isa = XCBuildConfiguration;
			buildSettings = {
				ASSETCATALOG_COMPILER_APPICON_NAME = AppIcon;
				ASSETCATALOG_COMPILER_GLOBAL_ACCENT_COLOR_NAME = AccentColor;
				CODE_SIGN_STYLE = Automatic;
				COMBINE_HIDPI_IMAGES = YES;
				CURRENT_PROJECT_VERSION = 1;
				DEVELOPMENT_TEAM = AJW4V2TF38;
				ENABLE_APP_SANDBOX = YES;
				ENABLE_HARDENED_RUNTIME = YES;
				ENABLE_INCOMING_NETWORK_CONNECTIONS = YES;
				ENABLE_OUTGOING_NETWORK_CONNECTIONS = YES;
				ENABLE_PREVIEWS = YES;
				ENABLE_RESOURCE_ACCESS_AUDIO_INPUT = NO;
				ENABLE_RESOURCE_ACCESS_BLUETOOTH = NO;
				ENABLE_RESOURCE_ACCESS_CALENDARS = NO;
				ENABLE_RESOURCE_ACCESS_CAMERA = NO;
				ENABLE_RESOURCE_ACCESS_CONTACTS = NO;
				ENABLE_RESOURCE_ACCESS_LOCATION = NO;
				ENABLE_RESOURCE_ACCESS_PRINTING = NO;
				ENABLE_RESOURCE_ACCESS_USB = NO;
				ENABLE_USER_SELECTED_FILES = readwrite;
				GENERATE_INFOPLIST_FILE = YES;
				INFOPLIST_KEY_NSHumanReadableCopyright = "";
				LD_RUNPATH_SEARCH_PATHS = (
					"$(inherited)",
					"@executable_path/../Frameworks",
				);
				MARKETING_VERSION = 1.0;
				PRODUCT_BUNDLE_IDENTIFIER = io.hidocu.LLMTestStudio;
				PRODUCT_NAME = "$(TARGET_NAME)";
				REGISTER_APP_GROUPS = YES;
				STRING_CATALOG_GENERATE_SYMBOLS = YES;
				SWIFT_APPROACHABLE_CONCURRENCY = YES;
				SWIFT_DEFAULT_ACTOR_ISOLATION = MainActor;
				SWIFT_EMIT_LOC_STRINGS = YES;
				SWIFT_UPCOMING_FEATURE_MEMBER_IMPORT_VISIBILITY = YES;
				SWIFT_VERSION = 5.0;
			};
			name = Release;
		};
		09C8AD392F3D97E800A56B93 /* Debug */ = {
			isa = XCBuildConfiguration;
			buildSettings = {
				BUNDLE_LOADER = "$(TEST_HOST)";
				CODE_SIGN_STYLE = Automatic;
				CURRENT_PROJECT_VERSION = 1;
				DEVELOPMENT_TEAM = AJW4V2TF38;
				GENERATE_INFOPLIST_FILE = YES;
				MACOSX_DEPLOYMENT_TARGET = 15.7;
				MARKETING_VERSION = 1.0;
				PRODUCT_BUNDLE_IDENTIFIER = io.hidocu.LLMTestStudioTests;
				PRODUCT_NAME = "$(TARGET_NAME)";
				STRING_CATALOG_GENERATE_SYMBOLS = NO;
				SWIFT_APPROACHABLE_CONCURRENCY = YES;
				SWIFT_EMIT_LOC_STRINGS = NO;
				SWIFT_UPCOMING_FEATURE_MEMBER_IMPORT_VISIBILITY = YES;
				SWIFT_VERSION = 5.0;
				TEST_HOST = "$(BUILT_PRODUCTS_DIR)/LLMTestStudio.app/$(BUNDLE_EXECUTABLE_FOLDER_PATH)/LLMTestStudio";
			};
			name = Debug;
		};
		09C8AD3A2F3D97E800A56B93 /* Release */ = {
			isa = XCBuildConfiguration;
			buildSettings = {
				BUNDLE_LOADER = "$(TEST_HOST)";
				CODE_SIGN_STYLE = Automatic;
				CURRENT_PROJECT_VERSION = 1;
				DEVELOPMENT_TEAM = AJW4V2TF38;
				GENERATE_INFOPLIST_FILE = YES;
				MACOSX_DEPLOYMENT_TARGET = 15.7;
				MARKETING_VERSION = 1.0;
				PRODUCT_BUNDLE_IDENTIFIER = io.hidocu.LLMTestStudioTests;
				PRODUCT_NAME = "$(TARGET_NAME)";
				STRING_CATALOG_GENERATE_SYMBOLS = NO;
				SWIFT_APPROACHABLE_CONCURRENCY = YES;
				SWIFT_EMIT_LOC_STRINGS = NO;
				SWIFT_UPCOMING_FEATURE_MEMBER_IMPORT_VISIBILITY = YES;
				SWIFT_VERSION = 5.0;
				TEST_HOST = "$(BUILT_PRODUCTS_DIR)/LLMTestStudio.app/$(BUNDLE_EXECUTABLE_FOLDER_PATH)/LLMTestStudio";
			};
			name = Release;
		};
		09C8AD3C2F3D97E800A56B93 /* Debug */ = {
			isa = XCBuildConfiguration;
			buildSettings = {
				CODE_SIGN_STYLE = Automatic;
				CURRENT_PROJECT_VERSION = 1;
				DEVELOPMENT_TEAM = AJW4V2TF38;
				GENERATE_INFOPLIST_FILE = YES;
				MARKETING_VERSION = 1.0;
				PRODUCT_BUNDLE_IDENTIFIER = io.hidocu.LLMTestStudioUITests;
				PRODUCT_NAME = "$(TARGET_NAME)";
				STRING_CATALOG_GENERATE_SYMBOLS = NO;
				SWIFT_APPROACHABLE_CONCURRENCY = YES;
				SWIFT_EMIT_LOC_STRINGS = NO;
				SWIFT_UPCOMING_FEATURE_MEMBER_IMPORT_VISIBILITY = YES;
				SWIFT_VERSION = 5.0;
				TEST_TARGET_NAME = LLMTestStudio;
			};
			name = Debug;
		};
		09C8AD3D2F3D97E800A56B93 /* Release */ = {
			isa = XCBuildConfiguration;
			buildSettings = {
				CODE_SIGN_STYLE = Automatic;
				CURRENT_PROJECT_VERSION = 1;
				DEVELOPMENT_TEAM = AJW4V2TF38;
				GENERATE_INFOPLIST_FILE = YES;
				MARKETING_VERSION = 1.0;
				PRODUCT_BUNDLE_IDENTIFIER = io.hidocu.LLMTestStudioUITests;
				PRODUCT_NAME = "$(TARGET_NAME)";
				STRING_CATALOG_GENERATE_SYMBOLS = NO;
				SWIFT_APPROACHABLE_CONCURRENCY = YES;
				SWIFT_EMIT_LOC_STRINGS = NO;
				SWIFT_UPCOMING_FEATURE_MEMBER_IMPORT_VISIBILITY = YES;
				SWIFT_VERSION = 5.0;
				TEST_TARGET_NAME = LLMTestStudio;
			};
			name = Release;
		};
/* End XCBuildConfiguration section */

/* Begin XCConfigurationList section */
		09C8AD0F2F3D97E700A56B93 /* Build configuration list for PBXProject "LLMTestStudio" */ = {
			isa = XCConfigurationList;
			buildConfigurations = (
				09C8AD332F3D97E800A56B93 /* Debug */,
				09C8AD342F3D97E800A56B93 /* Release */,
			);
			defaultConfigurationIsVisible = 0;
			defaultConfigurationName = Release;
		};
		09C8AD352F3D97E800A56B93 /* Build configuration list for PBXNativeTarget "LLMTestStudio" */ = {
			isa = XCConfigurationList;
			buildConfigurations = (
				09C8AD362F3D97E800A56B93 /* Debug */,
				09C8AD372F3D97E800A56B93 /* Release */,
			);
			defaultConfigurationIsVisible = 0;
			defaultConfigurationName = Release;
		};
		09C8AD382F3D97E800A56B93 /* Build configuration list for PBXNativeTarget "LLMTestStudioTests" */ = {
			isa = XCConfigurationList;
			buildConfigurations = (
				09C8AD392F3D97E800A56B93 /* Debug */,
				09C8AD3A2F3D97E800A56B93 /* Release */,
			);
			defaultConfigurationIsVisible = 0;
			defaultConfigurationName = Release;
		};
		09C8AD3B2F3D97E800A56B93 /* Build configuration list for PBXNativeTarget "LLMTestStudioUITests" */ = {
			isa = XCConfigurationList;
			buildConfigurations = (
				09C8AD3C2F3D97E800A56B93 /* Debug */,
				09C8AD3D2F3D97E800A56B93 /* Release */,
			);
			defaultConfigurationIsVisible = 0;
			defaultConfigurationName = Release;
		};
/* End XCConfigurationList section */

/* Begin XCLocalSwiftPackageReference section */
		09C8AD662F3D989000A56B93 /* XCLocalSwiftPackageReference "LLMService" */ = {
			isa = XCLocalSwiftPackageReference;
			relativePath = ../LLMService;
		};
/* End XCLocalSwiftPackageReference section */

/* Begin XCSwiftPackageProductDependency section */
		09C8AD642F3D988900A56B93 /* LLMService */ = {
			isa = XCSwiftPackageProductDependency;
			productName = LLMService;
		};
/* End XCSwiftPackageProductDependency section */
	};
	rootObject = 09C8AD0C2F3D97E700A56B93 /* Project object */;
}
