// !$*UTF8*$!
{
	archiveVersion = 1;
	classes = {
	};
	objectVersion = 60;
	objects = {

/* Begin PBXBuildFile section */
		071CE0515FFA41CAAACBB874 /* RecordingSource.swift in Sources */ = {isa = PBXBuildFile; fileRef = F5A077FC9AD84D72A3E071BC /* RecordingSource.swift */; };
		8AB8E6490C1A4367B6DA9453 /* RecordingSourceDTO.swift in Sources */ = {isa = PBXBuildFile; fileRef = D99C1960DB53454796885B23 /* RecordingSourceDTO.swift */; };
		8AA672C1610D4B0CAF91D672 /* RecordingSourceRepository.swift in Sources */ = {isa = PBXBuildFile; fileRef = 485F8C4FF11D4F0F8983C76E /* RecordingSourceRepository.swift */; };
		9DBFF30D1F374ABFB1C319F5 /* SQLiteRecordingSourceRepository.swift in Sources */ = {isa = PBXBuildFile; fileRef = DAB94EA38DBD470B850CBA1F /* SQLiteRecordingSourceRepository.swift */; };
		0119A84E4F2840779DA2E2B3 /* TimeInterval+Extensions.swift in Sources */ = {isa = PBXBuildFile; fileRef = 86F8B131B8884602A9CF022F /* TimeInterval+Extensions.swift */; };
		022D1B3252A0A87CE530C60B /* RecordingV2DTO.swift in Sources */ = {isa = PBXBuildFile; fileRef = A9D040E8C768C4EB7680B474 /* RecordingV2DTO.swift */; };
		04DE6A3CDE2453D7D214B2CF /* SQLiteRecordingRepositoryV2.swift in Sources */ = {isa = PBXBuildFile; fileRef = A29A4A2521C6F0977A6C729F /* SQLiteRecordingRepositoryV2.swift */; };
		099ED2A72F348EBA00905EA4 /* Assets.xcassets in Resources */ = {isa = PBXBuildFile; fileRef = 099ED2A52F348BBA00905EA4 /* Assets.xcassets */; };
		0AF8675E8C569156DCE9CD4B /* ContentViewV2.swift in Sources */ = {isa = PBXBuildFile; fileRef = D0A200194A4444435072733F /* ContentViewV2.swift */; };
		0EC792C8A6BE261D6C07D17F /* TrashService.swift in Sources */ = {isa = PBXBuildFile; fileRef = D69953C06FF92116AE18C2DE /* TrashService.swift */; };
		0ED011EB7EC2F9A051A66982 /* QuotaPopoverView.swift in Sources */ = {isa = PBXBuildFile; fileRef = 0B943509DFD1D703D9B64291 /* QuotaPopoverView.swift */; };
		126303CB56D1092A093FF1D6 /* SourcesViewModel.swift in Sources */ = {isa = PBXBuildFile; fileRef = DBA3562E4C531972E9D61F66 /* SourcesViewModel.swift */; };
		20B7797FB09248004C7B5DF8 /* DocumentDTO.swift in Sources */ = {isa = PBXBuildFile; fileRef = 4937DF72E8C1DB57768B0B94 /* DocumentDTO.swift */; };
		2D4B4E272B97C1411E75FA0C /* SQLiteDeletionLogRepository.swift in Sources */ = {isa = PBXBuildFile; fileRef = AAA3834F987CA973FCD8506B /* SQLiteDeletionLogRepository.swift */; };
		310961DA68DD2E6085C77B8F /* SettingsViewV2.swift in Sources */ = {isa = PBXBuildFile; fileRef = BC12039CA327089CC1010027 /* SettingsViewV2.swift */; };
		32C7299902FF667CC690A02A /* SQLiteTranscriptRepository.swift in Sources */ = {isa = PBXBuildFile; fileRef = 37A04E6ED12F76D8DF4867E7 /* SQLiteTranscriptRepository.swift */; };
		3664B05D38E1AED300889576 /* Document.swift in Sources */ = {isa = PBXBuildFile; fileRef = E4C310BB2F07F16244282199 /* Document.swift */; };
		3D6B099B9A5D77F71AADE23C /* FolderDTO.swift in Sources */ = {isa = PBXBuildFile; fileRef = 6BE26D22ECF04CC038346BDC /* FolderDTO.swift */; };
		3DE8D43D5E41E48342A9B174 /* JobMonitorPopoverView.swift in Sources */ = {isa = PBXBuildFile; fileRef = 02EA9E22A4AFD964CEEF863C /* JobMonitorPopoverView.swift */; };
		
		53438D90B497848BD250352E /* FolderTreeViewModel.swift in Sources */ = {isa = PBXBuildFile; fileRef = AEF1499B052B6ECD6B8CCF60 /* FolderTreeViewModel.swift */; };
		5364D32C7080B14CCE496046 /* ContextService.swift in Sources */ = {isa = PBXBuildFile; fileRef = 8C0838C39A86F5F4DC084A98 /* ContextService.swift */; };
		5454FE8644F05C68769CE2B3 /* DeletionLogDTO.swift in Sources */ = {isa = PBXBuildFile; fileRef = 37BFD95EBB1B504ED68E3980 /* DeletionLogDTO.swift */; };
		57CCCAE7FE29385655121C19 /* SourceRepository.swift in Sources */ = {isa = PBXBuildFile; fileRef = A98CB705C2B0017E531544B6 /* SourceRepository.swift */; };
		59EDC159E09807316685383A /* AudioTimelineView.swift in Sources */ = {isa = PBXBuildFile; fileRef = EC75A3560352EBA261A78E28 /* AudioTimelineView.swift */; };
		63DB1BE9930DC98549A59509 /* TrashView.swift in Sources */ = {isa = PBXBuildFile; fileRef = F542AE3F2464304DFD5DEFD6 /* TrashView.swift */; };
		6653E1E533CD3337CF17CEB4 /* FolderService.swift in Sources */ = {isa = PBXBuildFile; fileRef = 42EB92A51DFBFEB3BE82AB4E /* FolderService.swift */; };
		68054ABA82DDCF81977052B3 /* DeviceDashboardViewModel.swift in Sources */ = {isa = PBXBuildFile; fileRef = 14B1464F9B61FF0B4ED761F6 /* DeviceDashboardViewModel.swift */; };
		6ED29A3CA24533D402F918DD /* TranscriptRepository.swift in Sources */ = {isa = PBXBuildFile; fileRef = 2B0D1580CF48C34D6AA476C3 /* TranscriptRepository.swift */; };
		6FBDED703B6FC6EC14A8324E /* PathSanitizer.swift in Sources */ = {isa = PBXBuildFile; fileRef = DF266F9B0F879544CB1FB848 /* PathSanitizer.swift */; };
		7C544CC177A527E1114D7392 /* SourceDTO.swift in Sources */ = {isa = PBXBuildFile; fileRef = DBECEEA4D622EE030E4E9ED6 /* SourceDTO.swift */; };
		7C9C910ECDD42858F96B2447 /* BatteryIndicatorView.swift in Sources */ = {isa = PBXBuildFile; fileRef = 07496990C2830BD1439D5351 /* BatteryIndicatorView.swift */; };
		7E55DC0BB950CB6CC941F149 /* VariantTabBar.swift in Sources */ = {isa = PBXBuildFile; fileRef = 2C37075ADF55F93DD763F974 /* VariantTabBar.swift */; };
		7FE08A5C64923C365769E369 /* Folder.swift in Sources */ = {isa = PBXBuildFile; fileRef = FA55DE2ACE96B64C6A54BE4E /* Folder.swift */; };
		826884BB9C56944CC45A4128 /* DocumentRepository.swift in Sources */ = {isa = PBXBuildFile; fileRef = 12A960990416284D3F0FFA9C /* DocumentRepository.swift */; };
		87474A9B92E8EEC01F279E7F /* DeviceDashboardView.swift in Sources */ = {isa = PBXBuildFile; fileRef = 09134FD2A3C89DFB7EA7BB0F /* DeviceDashboardView.swift */; };
		8C1F7AFE2BA73F51196C0CE6 /* RecordingRepositoryV2.swift in Sources */ = {isa = PBXBuildFile; fileRef = 93F40903E763C5CAAA849A16 /* RecordingRepositoryV2.swift */; };
		8FC3622F4017BD0964C8FA82 /* FolderSettingsSheet.swift in Sources */ = {isa = PBXBuildFile; fileRef = 114150E40F24A3004A2DF620 /* FolderSettingsSheet.swift */; };
		90464C9049A11C09988A7C66 /* AddTranscriptSheet.swift in Sources */ = {isa = PBXBuildFile; fileRef = 770B5B44BD9261D588D42502 /* AddTranscriptSheet.swift */; };
		92AEDC85782DB00613E2A128 /* ToolbarJobMonitorView.swift in Sources */ = {isa = PBXBuildFile; fileRef = 23ED289FB59AE3C4686E8DFC /* ToolbarJobMonitorView.swift */; };
		9DDDA0CC7D5FA306672B6EE7 /* SettingsService.swift in Sources */ = {isa = PBXBuildFile; fileRef = 1982272C3186149C008392DB /* SettingsService.swift */; };
		A1B2C3D4E5F6G7H8I9J0K1L2 /* GenerateTranscriptSheet.swift in Sources */ = {isa = PBXBuildFile; fileRef = M3N4O5P6Q7R8S9T0U1V2W3X4 /* GenerateTranscriptSheet.swift */; };
		A2626B02BDE9315C6B921544 /* DocumentListViewModel.swift in Sources */ = {isa = PBXBuildFile; fileRef = 5CF5D0788A026355A829DC46 /* DocumentListViewModel.swift */; };
		A42DC75AA8AEA317B8C3AF98 /* RecordingPickerView.swift in Sources */ = {isa = PBXBuildFile; fileRef = 627C906DFCEFBC8B5814A44A /* RecordingPickerView.swift */; };
		A5B176A9AEBF7C402C7342DA /* SQLiteSourceRepository.swift in Sources */ = {isa = PBXBuildFile; fileRef = 438E368ED96312AD4F772D25 /* SQLiteSourceRepository.swift */; };
		A6B8973348B1B36D7C152E9F /* FolderRepository.swift in Sources */ = {isa = PBXBuildFile; fileRef = BDA413EE9305C427988A7439 /* FolderRepository.swift */; };
		A7E80828A8F4FECF9047CDEE /* SQLiteDocumentRepository.swift in Sources */ = {isa = PBXBuildFile; fileRef = 58E73F682433820EF6C487A9 /* SQLiteDocumentRepository.swift */; };
		
		AC0B048F36B4BD35DAF3A6D5 /* TranscriptStatusBar.swift in Sources */ = {isa = PBXBuildFile; fileRef = 25F73D445794CFE78B28411B /* TranscriptStatusBar.swift */; };
		AFA436901852E6303785837D /* NavigationViewModelV2.swift in Sources */ = {isa = PBXBuildFile; fileRef = B89857DC3BCEF88B833F5CEF /* NavigationViewModelV2.swift */; };
		B0FBD0073DA6FED0C951D973 /* Source.swift in Sources */ = {isa = PBXBuildFile; fileRef = 371F17CB8D6ADADD5D3AD590 /* Source.swift */; };
		B748C5428CCF2AE46CDC0CDD /* SidebarViewV2.swift in Sources */ = {isa = PBXBuildFile; fileRef = 364A63BCA40C34F1107B6A60 /* SidebarViewV2.swift */; };
		BB00000100000001 /* LLMProvider.swift in Sources */ = {isa = PBXBuildFile; fileRef = AA00000100000001 /* LLMProvider.swift */; };
		BB00000200000002 /* LLMAccount.swift in Sources */ = {isa = PBXBuildFile; fileRef = AA00000200000002 /* LLMAccount.swift */; };
		BB00000300000003 /* LLMMessage.swift in Sources */ = {isa = PBXBuildFile; fileRef = AA00000300000003 /* LLMMessage.swift */; };
		BB00000400000004 /* APILogEntry.swift in Sources */ = {isa = PBXBuildFile; fileRef = AA00000400000004 /* APILogEntry.swift */; };
		BB00000500000005 /* LLMError.swift in Sources */ = {isa = PBXBuildFile; fileRef = AA00000500000005 /* LLMError.swift */; };
		BB00000600000006 /* LLMProviderStrategy.swift in Sources */ = {isa = PBXBuildFile; fileRef = AA00000600000006 /* LLMProviderStrategy.swift */; };
		BB00000700000007 /* LLMAccountRepository.swift in Sources */ = {isa = PBXBuildFile; fileRef = AA00000700000007 /* LLMAccountRepository.swift */; };
		BB00000700000008 /* LLMJobRepository.swift in Sources */ = {isa = PBXBuildFile; fileRef = AA00000700000008 /* LLMJobRepository.swift */; };
		BB00000700000009 /* LLMUsageRepository.swift in Sources */ = {isa = PBXBuildFile; fileRef = AA00000700000009 /* LLMUsageRepository.swift */; };
		BB00000700000011 /* LLMModelRepository.swift in Sources */ = {isa = PBXBuildFile; fileRef = AA00000700000011 /* LLMModelRepository.swift */; };
		BB00000800000008 /* APILogRepository.swift in Sources */ = {isa = PBXBuildFile; fileRef = AA00000800000008 /* APILogRepository.swift */; };
		BB00000900000009 /* PKCEHelper.swift in Sources */ = {isa = PBXBuildFile; fileRef = AA00000900000009 /* PKCEHelper.swift */; };
		BB0000100000000A /* KeychainService.swift in Sources */ = {isa = PBXBuildFile; fileRef = AA0000100000000A /* KeychainService.swift */; };
		BB0000110000000B /* OAuthCallbackServer.swift in Sources */ = {isa = PBXBuildFile; fileRef = AA0000110000000B /* OAuthCallbackServer.swift */; };
		BB0000120000000C /* SSEParser.swift in Sources */ = {isa = PBXBuildFile; fileRef = AA0000120000000C /* SSEParser.swift */; };
		BB0000A00000000A /* AvailableModel.swift in Sources */ = {isa = PBXBuildFile; fileRef = AA0000A00000000A /* AvailableModel.swift */; };
		BB0000B00000000B /* JudgeResponse.swift in Sources */ = {isa = PBXBuildFile; fileRef = AA0000B00000000B /* JudgeResponse.swift */; };
		BE6ECC1B25F71F50417558E0 /* RecordingImportServiceV2.swift in Sources */ = {isa = PBXBuildFile; fileRef = 368BA73F8C08D273FE2B21C8 /* RecordingImportServiceV2.swift */; };
		RSSE00001A5B6C7D /* RecordingSourceService.swift in Sources */ = {isa = PBXBuildFile; fileRef = RSSF00001A5B6C7D /* RecordingSourceService.swift */; };
		BFC601E7D452D90CD990621E /* DocumentService.swift in Sources */ = {isa = PBXBuildFile; fileRef = 6226CD68D273A20A4EBB9B65 /* DocumentService.swift */; };
		BM00000000000001 /* LLMJob.swift in Sources */ = {isa = PBXBuildFile; fileRef = DM00000000000001 /* LLMJob.swift */; };
		BM00000000000002 /* LLMJobPayload.swift in Sources */ = {isa = PBXBuildFile; fileRef = DM00000000000002 /* LLMJobPayload.swift */; };
		BM00000000000003 /* LLMUsage.swift in Sources */ = {isa = PBXBuildFile; fileRef = DM00000000000003 /* LLMUsage.swift */; };
		BM00000000000005 /* LLMModel.swift in Sources */ = {isa = PBXBuildFile; fileRef = DM00000000000005 /* LLMModel.swift */; };
		BTO0000000000001 /* LLMJobDTO.swift in Sources */ = {isa = PBXBuildFile; fileRef = DTO0000000000001 /* LLMJobDTO.swift */; };
		BTO0000000000002 /* LLMUsageDTO.swift in Sources */ = {isa = PBXBuildFile; fileRef = DTO0000000000002 /* LLMUsageDTO.swift */; };
		BTO0000000000004 /* LLMModelDTO.swift in Sources */ = {isa = PBXBuildFile; fileRef = DTO0000000000004 /* LLMModelDTO.swift */; };
		BTO0000000000005 /* LLMAccountModelDTO.swift in Sources */ = {isa = PBXBuildFile; fileRef = DTO0000000000005 /* LLMAccountModelDTO.swift */; };
		C28F8D0E49B151F81D6633B4 /* TranscriptStudioView.swift in Sources */ = {isa = PBXBuildFile; fileRef = 905223C42AFE09B648A3121F /* TranscriptStudioView.swift */; };
		C5C630A403A97F0B29ABD83C /* DocumentListView.swift in Sources */ = {isa = PBXBuildFile; fileRef = 3F5287EBB0531F111E6E01E6 /* DocumentListView.swift */; };
		C614C88D8F7EA4968EB1C148 /* DocumentDetailViewModel.swift in Sources */ = {isa = PBXBuildFile; fileRef = AAADD95ECAC7FF3C0B18B887 /* DocumentDetailViewModel.swift */; };
		C7458EEDB15A9101AE14A13A /* PromoteBanner.swift in Sources */ = {isa = PBXBuildFile; fileRef = 9BFD426BB0B6D99B53CEE11E /* PromoteBanner.swift */; };
		CC0000C00000000C /* ModelPickerMenu.swift in Sources */ = {isa = PBXBuildFile; fileRef = CC0000B00000000B /* ModelPickerMenu.swift */; };
		CC1000C00000000C /* MarkdownEditableView.swift in Sources */ = {isa = PBXBuildFile; fileRef = DD0000C00000000C /* MarkdownEditableView.swift */; };
		CE4EB2D09509DEC4A3A562E1 /* TranscriptDTO.swift in Sources */ = {isa = PBXBuildFile; fileRef = B930F1D2F342C5D58BD7B889 /* TranscriptDTO.swift */; };
		D29B81C7FF9C622845D2E888 /* DeletionLogRepository.swift in Sources */ = {isa = PBXBuildFile; fileRef = 47BF7D3168C144CED0C36ED9 /* DeletionLogRepository.swift */; };
		
		DE3B51E4417F4918F5022E40 /* RecordingV2.swift in Sources */ = {isa = PBXBuildFile; fileRef = 9CB033465FB3E12E0BB749B1 /* RecordingV2.swift */; };
		DF3313BAB7828D8D8AB8304A /* DeletionLogEntry.swift in Sources */ = {isa = PBXBuildFile; fileRef = 1358CE1110F0A9D6089071F3 /* DeletionLogEntry.swift */; };
		E6BB1D6635FBEC8625C57A77 /* DocumentDetailView.swift in Sources */ = {isa = PBXBuildFile; fileRef = FDC92D8AF4F6028806551C10 /* DocumentDetailView.swift */; };
		E9628EC90C9811DAA5FDE221 /* ToolbarQuotaIndicatorView.swift in Sources */ = {isa = PBXBuildFile; fileRef = 48AB4784CE383DE158F98103 /* ToolbarQuotaIndicatorView.swift */; };
		EE00000100000001 /* LLMAccountDTO.swift in Sources */ = {isa = PBXBuildFile; fileRef = DD00000100000001 /* LLMAccountDTO.swift */; };
		EE00000200000002 /* APILogDTO.swift in Sources */ = {isa = PBXBuildFile; fileRef = DD00000200000002 /* APILogDTO.swift */; };
		EE00000300000003 /* SQLiteLLMAccountRepository.swift in Sources */ = {isa = PBXBuildFile; fileRef = DD00000300000003 /* SQLiteLLMAccountRepository.swift */; };
		EE00000300000004 /* SQLiteLLMUsageRepository.swift in Sources */ = {isa = PBXBuildFile; fileRef = DD00000300000004 /* SQLiteLLMUsageRepository.swift */; };
		EE00000300000005 /* SQLiteLLMJobRepository.swift in Sources */ = {isa = PBXBuildFile; fileRef = DD00000300000005 /* SQLiteLLMJobRepository.swift */; };
		EE00000300000007 /* SQLiteLLMModelRepository.swift in Sources */ = {isa = PBXBuildFile; fileRef = DD00000300000007 /* SQLiteLLMModelRepository.swift */; };
		EE00000400000004 /* SQLiteAPILogRepository.swift in Sources */ = {isa = PBXBuildFile; fileRef = DD00000400000004 /* SQLiteAPILogRepository.swift */; };
		F0000001F0000001 /* HiDocuApp.swift in Sources */ = {isa = PBXBuildFile; fileRef = F0000011F0000011 /* HiDocuApp.swift */; };
		F0000002F0000002 /* AppDependencyContainer.swift in Sources */ = {isa = PBXBuildFile; fileRef = F0000012F0000012 /* AppDependencyContainer.swift */; };
		F0000003F0000003 /* AppLogger.swift in Sources */ = {isa = PBXBuildFile; fileRef = F0000013F0000013 /* AppLogger.swift */; };
		F0000004F0000004 /* Date+Extensions.swift in Sources */ = {isa = PBXBuildFile; fileRef = F0000014F0000014 /* Date+Extensions.swift */; };
		F0000005F0000005 /* Int+Extensions.swift in Sources */ = {isa = PBXBuildFile; fileRef = F0000015F0000015 /* Int+Extensions.swift */; };
		F0000006F0000006 /* Recording.swift in Sources */ = {isa = PBXBuildFile; fileRef = F0000016F0000016 /* Recording.swift */; };
		F000000BF000000B /* DeviceRepository.swift in Sources */ = {isa = PBXBuildFile; fileRef = F000001BF000001B /* DeviceRepository.swift */; };
		F000000CF000000C /* DatabaseManager.swift in Sources */ = {isa = PBXBuildFile; fileRef = F000001CF000001C /* DatabaseManager.swift */; };
		F0000020F0000020 /* DeviceConnectionService.swift in Sources */ = {isa = PBXBuildFile; fileRef = F0000030F0000030 /* DeviceConnectionService.swift */; };
		F0000021F0000021 /* FileSystemService.swift in Sources */ = {isa = PBXBuildFile; fileRef = F0000031F0000031 /* FileSystemService.swift */; };
		F0000026F0000026 /* JensenActor.swift in Sources */ = {isa = PBXBuildFile; fileRef = F0000036F0000036 /* JensenActor.swift */; };
		F0000050F0000050 /* JensenUSB in Frameworks */ = {isa = PBXBuildFile; productRef = F0000051F0000051 /* JensenUSB */; };
		F0000052F0000052 /* GRDB in Frameworks */ = {isa = PBXBuildFile; productRef = F0000053F0000053 /* GRDB */; };
		F0000054F0000054 /* Textual in Frameworks */ = {isa = PBXBuildFile; productRef = F0000055F0000055 /* Textual */; };
		F0429AD0CCB220B79569960F /* Transcript.swift in Sources */ = {isa = PBXBuildFile; fileRef = 120ABFADCBA34F60024F6346 /* Transcript.swift */; };
		F0A00001F0A00001 /* HiDocuTests.swift in Sources */ = {isa = PBXBuildFile; fileRef = F0A00011F0A00011 /* HiDocuTests.swift */; };
		F0A00002F0A00002 /* DatabaseTests.swift in Sources */ = {isa = PBXBuildFile; fileRef = F0A00012F0A00012 /* DatabaseTests.swift */; };
		F0A00003F0A00003 /* ImportLogicTests.swift in Sources */ = {isa = PBXBuildFile; fileRef = F0A00013F0A00013 /* ImportLogicTests.swift */; };
		F0A00052F0A00052 /* GRDB in Frameworks */ = {isa = PBXBuildFile; productRef = F0A00053F0A00053 /* GRDB */; };
		F21116180C58EFA51A7A7459 /* SQLiteFolderRepository.swift in Sources */ = {isa = PBXBuildFile; fileRef = 366665D1CFE1F75AFAAD9DF4 /* SQLiteFolderRepository.swift */; };
		
		F5A00001F5A00001 /* TranscriptionTests.swift in Sources */ = {isa = PBXBuildFile; fileRef = F5A00011F5A00011 /* TranscriptionTests.swift */; };
		F8000020F8000020 /* ErrorBannerView.swift in Sources */ = {isa = PBXBuildFile; fileRef = F8000010F8000010 /* ErrorBannerView.swift */; };
		FF10000100000001 /* ClaudeProvider.swift in Sources */ = {isa = PBXBuildFile; fileRef = FF00000100000001 /* ClaudeProvider.swift */; };
		FF10000200000002 /* CodexProvider.swift in Sources */ = {isa = PBXBuildFile; fileRef = FF00000200000002 /* CodexProvider.swift */; };
		FF10000300000003 /* GeminiProvider.swift in Sources */ = {isa = PBXBuildFile; fileRef = FF00000300000003 /* GeminiProvider.swift */; };
		FF10000400000004 /* LLMService.swift in Sources */ = {isa = PBXBuildFile; fileRef = FF00000400000004 /* LLMService.swift */; };
		FF10000500000005 /* LLMSettingsViewModel.swift in Sources */ = {isa = PBXBuildFile; fileRef = FF00000500000005 /* LLMSettingsViewModel.swift */; };
		FF10000600000006 /* LLMSettingsTab.swift in Sources */ = {isa = PBXBuildFile; fileRef = FF00000600000006 /* LLMSettingsTab.swift */; };
		FF10000700000007 /* AntigravityProvider.swift in Sources */ = {isa = PBXBuildFile; fileRef = FF00000700000007 /* AntigravityProvider.swift */; };
		LQS1000000000001 /* LLMQueueState.swift in Sources */ = {isa = PBXBuildFile; fileRef = LQS0000000000001 /* LLMQueueState.swift */; };
		LQV1000000000001 /* LLMQueueService.swift in Sources */ = {isa = PBXBuildFile; fileRef = LQV0000000000001 /* LLMQueueService.swift */; };
		QB00000000000001 /* QuotaService.swift in Sources */ = {isa = PBXBuildFile; fileRef = QS00000000000001 /* QuotaService.swift */; };
		TM10000000000001 /* TokenManager.swift in Sources */ = {isa = PBXBuildFile; fileRef = TM00000000000001 /* TokenManager.swift */; };
		8D6F1D4C8176BC1DE48C7C59 /* RecordingSourceViewModel.swift in Sources */ = {isa = PBXBuildFile; fileRef = A39E440C62C1A3D0620AACD4 /* RecordingSourceViewModel.swift */; };
		F0F2FF9D8D0B1BF5A52461FD /* RecordingSourceDetailView.swift in Sources */ = {isa = PBXBuildFile; fileRef = C2E77ED394B3F03BE48200F2 /* RecordingSourceDetailView.swift */; };
		D7FFE2A012B3C7DDB6FE64A9 /* AllRecordingsView.swift in Sources */ = {isa = PBXBuildFile; fileRef = 9157D5BF5831DA5A2CBCF95D /* AllRecordingsView.swift */; };
		AB1234567890ABCD12340011 /* AllRecordingsViewModel.swift in Sources */ = {isa = PBXBuildFile; fileRef = AB1234567890ABCD12340001 /* AllRecordingsViewModel.swift */; };
		AB1234567890ABCD12340012 /* AvailabilityStatusIcon.swift in Sources */ = {isa = PBXBuildFile; fileRef = AB1234567890ABCD12340002 /* AvailabilityStatusIcon.swift */; };
		AB1234567890ABCD12340013 /* DocumentStatusCell.swift in Sources */ = {isa = PBXBuildFile; fileRef = AB1234567890ABCD12340003 /* DocumentStatusCell.swift */; };
		AB1234567890ABCD12340014 /* RecordingContextMenu.swift in Sources */ = {isa = PBXBuildFile; fileRef = AB1234567890ABCD12340004 /* RecordingContextMenu.swift */; };
		AB1234567890ABCD12340015 /* RecordingTableView.swift in Sources */ = {isa = PBXBuildFile; fileRef = AB1234567890ABCD12340005 /* RecordingTableView.swift */; };
		AB1234567890ABCD12340016 /* RecordingRowDisplayable.swift in Sources */ = {isa = PBXBuildFile; fileRef = AB1234567890ABCD12340006 /* RecordingRowDisplayable.swift */; };
		AB1234567890ABCD12340021 /* DocumentTableView.swift in Sources */ = {isa = PBXBuildFile; fileRef = AB1234567890ABCD12340008 /* DocumentTableView.swift */; };
		AB1234567890ABCD12340022 /* DocumentRowDisplayable.swift in Sources */ = {isa = PBXBuildFile; fileRef = AB1234567890ABCD12340007 /* DocumentRowDisplayable.swift */; };
		AB1234567890ABCD12340023 /* TrashViewModel.swift in Sources */ = {isa = PBXBuildFile; fileRef = AB1234567890ABCD12340009 /* TrashViewModel.swift */; };
		4621EB24B602474480B72556 /* DeviceIconView.swift in Sources */ = {isa = PBXBuildFile; fileRef = B6445531941E4C1AAAA93677 /* DeviceIconView.swift */; };
		844B76E919A0453990DD9A7F /* ImportButton.swift in Sources */ = {isa = PBXBuildFile; fileRef = 2B2CD920910D4121B523536E /* ImportButton.swift */; };
		BE6826ADC71A49FBBFAF5A6E /* ImportProgressViews.swift in Sources */ = {isa = PBXBuildFile; fileRef = 225966B851CE4A9A86ECCBBF /* ImportProgressViews.swift */; };
		C4D7FF49786E48F89353B64C /* DeviceHeaderView.swift in Sources */ = {isa = PBXBuildFile; fileRef = FAE7D44C08D44BD683B1959C /* DeviceHeaderView.swift */; };
		E056915D9F9F40CC9DD3D09F /* RecordingTableConstants.swift in Sources */ = {isa = PBXBuildFile; fileRef = 40494DDD4B60440EA94DFA54 /* RecordingTableConstants.swift */; };
		EC1985E36FA9478FA3CC9FEF /* RecordingEmptyStateView.swift in Sources */ = {isa = PBXBuildFile; fileRef = 278128D2641A4FA4ACAE9282 /* RecordingEmptyStateView.swift */; };
/* End PBXBuildFile section */

/* Begin PBXContainerItemProxy section */
		F0A00060F0A00060 /* PBXContainerItemProxy */ = {
			isa = PBXContainerItemProxy;
			containerPortal = F5000000F5000000 /* Project object */;
			proxyType = 1;
			remoteGlobalIDString = F3000000F3000000;
			remoteInfo = HiDocu;
		};
/* End PBXContainerItemProxy section */

/* Begin PBXFileReference section */
		F5A077FC9AD84D72A3E071BC /* RecordingSource.swift */ = {isa = PBXFileReference; lastKnownFileType = sourcecode.swift; path = RecordingSource.swift; sourceTree = "<group>"; };
		D99C1960DB53454796885B23 /* RecordingSourceDTO.swift */ = {isa = PBXFileReference; lastKnownFileType = sourcecode.swift; path = RecordingSourceDTO.swift; sourceTree = "<group>"; };
		485F8C4FF11D4F0F8983C76E /* RecordingSourceRepository.swift */ = {isa = PBXFileReference; lastKnownFileType = sourcecode.swift; path = RecordingSourceRepository.swift; sourceTree = "<group>"; };
		DAB94EA38DBD470B850CBA1F /* SQLiteRecordingSourceRepository.swift */ = {isa = PBXFileReference; lastKnownFileType = sourcecode.swift; path = SQLiteRecordingSourceRepository.swift; sourceTree = "<group>"; };
		02EA9E22A4AFD964CEEF863C /* JobMonitorPopoverView.swift */ = {isa = PBXFileReference; includeInIndex = 1; lastKnownFileType = sourcecode.swift; name = JobMonitorPopoverView.swift; path = JobMonitorPopoverView.swift; sourceTree = "<group>"; };
		07496990C2830BD1439D5351 /* BatteryIndicatorView.swift */ = {isa = PBXFileReference; includeInIndex = 1; lastKnownFileType = sourcecode.swift; path = BatteryIndicatorView.swift; sourceTree = "<group>"; };
		09134FD2A3C89DFB7EA7BB0F /* DeviceDashboardView.swift */ = {isa = PBXFileReference; lastKnownFileType = sourcecode.swift; name = DeviceDashboardView.swift; path = HiDocu/Presentation/Views/Device/DeviceDashboardView.swift; sourceTree = SOURCE_ROOT; };
		099ED2A52F348BBA00905EA4 /* Assets.xcassets */ = {isa = PBXFileReference; lastKnownFileType = folder.assetcatalog; path = Assets.xcassets; sourceTree = "<group>"; };
		0B943509DFD1D703D9B64291 /* QuotaPopoverView.swift */ = {isa = PBXFileReference; includeInIndex = 1; lastKnownFileType = sourcecode.swift; path = QuotaPopoverView.swift; sourceTree = "<group>"; };
		114150E40F24A3004A2DF620 /* FolderSettingsSheet.swift */ = {isa = PBXFileReference; includeInIndex = 1; lastKnownFileType = sourcecode.swift; path = FolderSettingsSheet.swift; sourceTree = "<group>"; };
		120ABFADCBA34F60024F6346 /* Transcript.swift */ = {isa = PBXFileReference; includeInIndex = 1; lastKnownFileType = sourcecode.swift; path = Transcript.swift; sourceTree = "<group>"; };
		12A960990416284D3F0FFA9C /* DocumentRepository.swift */ = {isa = PBXFileReference; includeInIndex = 1; lastKnownFileType = sourcecode.swift; path = DocumentRepository.swift; sourceTree = "<group>"; };
		1358CE1110F0A9D6089071F3 /* DeletionLogEntry.swift */ = {isa = PBXFileReference; includeInIndex = 1; lastKnownFileType = sourcecode.swift; path = DeletionLogEntry.swift; sourceTree = "<group>"; };
		14B1464F9B61FF0B4ED761F6 /* DeviceDashboardViewModel.swift */ = {isa = PBXFileReference; lastKnownFileType = sourcecode.swift; name = DeviceDashboardViewModel.swift; path = HiDocu/Presentation/ViewModels/DeviceDashboardViewModel.swift; sourceTree = SOURCE_ROOT; };
		1982272C3186149C008392DB /* SettingsService.swift */ = {isa = PBXFileReference; includeInIndex = 1; lastKnownFileType = sourcecode.swift; path = SettingsService.swift; sourceTree = "<group>"; };
		23ED289FB59AE3C4686E8DFC /* ToolbarJobMonitorView.swift */ = {isa = PBXFileReference; includeInIndex = 1; lastKnownFileType = sourcecode.swift; path = ToolbarJobMonitorView.swift; sourceTree = "<group>"; };
		25F73D445794CFE78B28411B /* TranscriptStatusBar.swift */ = {isa = PBXFileReference; lastKnownFileType = sourcecode.swift; path = TranscriptStatusBar.swift; sourceTree = "<group>"; };
		2B0D1580CF48C34D6AA476C3 /* TranscriptRepository.swift */ = {isa = PBXFileReference; includeInIndex = 1; lastKnownFileType = sourcecode.swift; path = TranscriptRepository.swift; sourceTree = "<group>"; };
		2C37075ADF55F93DD763F974 /* VariantTabBar.swift */ = {isa = PBXFileReference; lastKnownFileType = sourcecode.swift; path = VariantTabBar.swift; sourceTree = "<group>"; };
		364A63BCA40C34F1107B6A60 /* SidebarViewV2.swift */ = {isa = PBXFileReference; includeInIndex = 1; lastKnownFileType = sourcecode.swift; path = SidebarViewV2.swift; sourceTree = "<group>"; };
		366665D1CFE1F75AFAAD9DF4 /* SQLiteFolderRepository.swift */ = {isa = PBXFileReference; includeInIndex = 1; lastKnownFileType = sourcecode.swift; path = SQLiteFolderRepository.swift; sourceTree = "<group>"; };
		368BA73F8C08D273FE2B21C8 /* RecordingImportServiceV2.swift */ = {isa = PBXFileReference; includeInIndex = 1; lastKnownFileType = sourcecode.swift; path = RecordingImportServiceV2.swift; sourceTree = "<group>"; };
		RSSF00001A5B6C7D /* RecordingSourceService.swift */ = {isa = PBXFileReference; includeInIndex = 1; lastKnownFileType = sourcecode.swift; path = RecordingSourceService.swift; sourceTree = "<group>"; };
		371F17CB8D6ADADD5D3AD590 /* Source.swift */ = {isa = PBXFileReference; includeInIndex = 1; lastKnownFileType = sourcecode.swift; path = Source.swift; sourceTree = "<group>"; };
		37A04E6ED12F76D8DF4867E7 /* SQLiteTranscriptRepository.swift */ = {isa = PBXFileReference; includeInIndex = 1; lastKnownFileType = sourcecode.swift; path = SQLiteTranscriptRepository.swift; sourceTree = "<group>"; };
		37BFD95EBB1B504ED68E3980 /* DeletionLogDTO.swift */ = {isa = PBXFileReference; includeInIndex = 1; lastKnownFileType = sourcecode.swift; path = DeletionLogDTO.swift; sourceTree = "<group>"; };
		3F5287EBB0531F111E6E01E6 /* DocumentListView.swift */ = {isa = PBXFileReference; includeInIndex = 1; lastKnownFileType = sourcecode.swift; path = DocumentListView.swift; sourceTree = "<group>"; };
		42EB92A51DFBFEB3BE82AB4E /* FolderService.swift */ = {isa = PBXFileReference; includeInIndex = 1; lastKnownFileType = sourcecode.swift; path = FolderService.swift; sourceTree = "<group>"; };
		438E368ED96312AD4F772D25 /* SQLiteSourceRepository.swift */ = {isa = PBXFileReference; includeInIndex = 1; lastKnownFileType = sourcecode.swift; path = SQLiteSourceRepository.swift; sourceTree = "<group>"; };
		47BF7D3168C144CED0C36ED9 /* DeletionLogRepository.swift */ = {isa = PBXFileReference; includeInIndex = 1; lastKnownFileType = sourcecode.swift; path = DeletionLogRepository.swift; sourceTree = "<group>"; };
		48AB4784CE383DE158F98103 /* ToolbarQuotaIndicatorView.swift */ = {isa = PBXFileReference; includeInIndex = 1; lastKnownFileType = sourcecode.swift; path = ToolbarQuotaIndicatorView.swift; sourceTree = "<group>"; };
		4937DF72E8C1DB57768B0B94 /* DocumentDTO.swift */ = {isa = PBXFileReference; includeInIndex = 1; lastKnownFileType = sourcecode.swift; path = DocumentDTO.swift; sourceTree = "<group>"; };
		
		
		58E73F682433820EF6C487A9 /* SQLiteDocumentRepository.swift */ = {isa = PBXFileReference; includeInIndex = 1; lastKnownFileType = sourcecode.swift; path = SQLiteDocumentRepository.swift; sourceTree = "<group>"; };
		5CF5D0788A026355A829DC46 /* DocumentListViewModel.swift */ = {isa = PBXFileReference; includeInIndex = 1; lastKnownFileType = sourcecode.swift; path = DocumentListViewModel.swift; sourceTree = "<group>"; };
		6226CD68D273A20A4EBB9B65 /* DocumentService.swift */ = {isa = PBXFileReference; includeInIndex = 1; lastKnownFileType = sourcecode.swift; path = DocumentService.swift; sourceTree = "<group>"; };
		627C906DFCEFBC8B5814A44A /* RecordingPickerView.swift */ = {isa = PBXFileReference; includeInIndex = 1; lastKnownFileType = sourcecode.swift; path = RecordingPickerView.swift; sourceTree = "<group>"; };
		6BE26D22ECF04CC038346BDC /* FolderDTO.swift */ = {isa = PBXFileReference; includeInIndex = 1; lastKnownFileType = sourcecode.swift; path = FolderDTO.swift; sourceTree = "<group>"; };
		
		770B5B44BD9261D588D42502 /* AddTranscriptSheet.swift */ = {isa = PBXFileReference; lastKnownFileType = sourcecode.swift; path = AddTranscriptSheet.swift; sourceTree = "<group>"; };
		86F8B131B8884602A9CF022F /* TimeInterval+Extensions.swift */ = {isa = PBXFileReference; lastKnownFileType = sourcecode.swift; path = "TimeInterval+Extensions.swift"; sourceTree = "<group>"; };
		8C0838C39A86F5F4DC084A98 /* ContextService.swift */ = {isa = PBXFileReference; includeInIndex = 1; lastKnownFileType = sourcecode.swift; path = ContextService.swift; sourceTree = "<group>"; };
		905223C42AFE09B648A3121F /* TranscriptStudioView.swift */ = {isa = PBXFileReference; lastKnownFileType = sourcecode.swift; path = TranscriptStudioView.swift; sourceTree = "<group>"; };
		93F40903E763C5CAAA849A16 /* RecordingRepositoryV2.swift */ = {isa = PBXFileReference; includeInIndex = 1; lastKnownFileType = sourcecode.swift; path = RecordingRepositoryV2.swift; sourceTree = "<group>"; };
		9BFD426BB0B6D99B53CEE11E /* PromoteBanner.swift */ = {isa = PBXFileReference; lastKnownFileType = sourcecode.swift; path = PromoteBanner.swift; sourceTree = "<group>"; };
		9CB033465FB3E12E0BB749B1 /* RecordingV2.swift */ = {isa = PBXFileReference; includeInIndex = 1; lastKnownFileType = sourcecode.swift; path = RecordingV2.swift; sourceTree = "<group>"; };
		A29A4A2521C6F0977A6C729F /* SQLiteRecordingRepositoryV2.swift */ = {isa = PBXFileReference; includeInIndex = 1; lastKnownFileType = sourcecode.swift; path = SQLiteRecordingRepositoryV2.swift; sourceTree = "<group>"; };
		A98CB705C2B0017E531544B6 /* SourceRepository.swift */ = {isa = PBXFileReference; includeInIndex = 1; lastKnownFileType = sourcecode.swift; path = SourceRepository.swift; sourceTree = "<group>"; };
		A9D040E8C768C4EB7680B474 /* RecordingV2DTO.swift */ = {isa = PBXFileReference; includeInIndex = 1; lastKnownFileType = sourcecode.swift; path = RecordingV2DTO.swift; sourceTree = "<group>"; };
		AA00000100000001 /* LLMProvider.swift */ = {isa = PBXFileReference; lastKnownFileType = sourcecode.swift; path = LLMProvider.swift; sourceTree = "<group>"; };
		AA00000200000002 /* LLMAccount.swift */ = {isa = PBXFileReference; lastKnownFileType = sourcecode.swift; path = LLMAccount.swift; sourceTree = "<group>"; };
		AA00000300000003 /* LLMMessage.swift */ = {isa = PBXFileReference; lastKnownFileType = sourcecode.swift; path = LLMMessage.swift; sourceTree = "<group>"; };
		AA00000400000004 /* APILogEntry.swift */ = {isa = PBXFileReference; lastKnownFileType = sourcecode.swift; path = APILogEntry.swift; sourceTree = "<group>"; };
		AA00000500000005 /* LLMError.swift */ = {isa = PBXFileReference; lastKnownFileType = sourcecode.swift; path = LLMError.swift; sourceTree = "<group>"; };
		AA00000600000006 /* LLMProviderStrategy.swift */ = {isa = PBXFileReference; lastKnownFileType = sourcecode.swift; path = LLMProviderStrategy.swift; sourceTree = "<group>"; };
		AA00000700000007 /* LLMAccountRepository.swift */ = {isa = PBXFileReference; lastKnownFileType = sourcecode.swift; path = LLMAccountRepository.swift; sourceTree = "<group>"; };
		AA00000700000008 /* LLMJobRepository.swift */ = {isa = PBXFileReference; lastKnownFileType = sourcecode.swift; path = LLMJobRepository.swift; sourceTree = "<group>"; };
		AA00000700000009 /* LLMUsageRepository.swift */ = {isa = PBXFileReference; lastKnownFileType = sourcecode.swift; path = LLMUsageRepository.swift; sourceTree = "<group>"; };
		AA00000700000011 /* LLMModelRepository.swift */ = {isa = PBXFileReference; lastKnownFileType = sourcecode.swift; path = LLMModelRepository.swift; sourceTree = "<group>"; };
		AA00000800000008 /* APILogRepository.swift */ = {isa = PBXFileReference; lastKnownFileType = sourcecode.swift; path = APILogRepository.swift; sourceTree = "<group>"; };
		AA00000900000009 /* PKCEHelper.swift */ = {isa = PBXFileReference; lastKnownFileType = sourcecode.swift; path = PKCEHelper.swift; sourceTree = "<group>"; };
		AA0000100000000A /* KeychainService.swift */ = {isa = PBXFileReference; lastKnownFileType = sourcecode.swift; path = KeychainService.swift; sourceTree = "<group>"; };
		AA0000110000000B /* OAuthCallbackServer.swift */ = {isa = PBXFileReference; lastKnownFileType = sourcecode.swift; path = OAuthCallbackServer.swift; sourceTree = "<group>"; };
		AA0000120000000C /* SSEParser.swift */ = {isa = PBXFileReference; lastKnownFileType = sourcecode.swift; path = SSEParser.swift; sourceTree = "<group>"; };
		AA0000A00000000A /* AvailableModel.swift */ = {isa = PBXFileReference; lastKnownFileType = sourcecode.swift; path = AvailableModel.swift; sourceTree = "<group>"; };
		AA0000B00000000B /* JudgeResponse.swift */ = {isa = PBXFileReference; lastKnownFileType = sourcecode.swift; path = JudgeResponse.swift; sourceTree = "<group>"; };
		AAA3834F987CA973FCD8506B /* SQLiteDeletionLogRepository.swift */ = {isa = PBXFileReference; includeInIndex = 1; lastKnownFileType = sourcecode.swift; path = SQLiteDeletionLogRepository.swift; sourceTree = "<group>"; };
		AAADD95ECAC7FF3C0B18B887 /* DocumentDetailViewModel.swift */ = {isa = PBXFileReference; includeInIndex = 1; lastKnownFileType = sourcecode.swift; path = DocumentDetailViewModel.swift; sourceTree = "<group>"; };
		AEF1499B052B6ECD6B8CCF60 /* FolderTreeViewModel.swift */ = {isa = PBXFileReference; includeInIndex = 1; lastKnownFileType = sourcecode.swift; path = FolderTreeViewModel.swift; sourceTree = "<group>"; };
		B89857DC3BCEF88B833F5CEF /* NavigationViewModelV2.swift */ = {isa = PBXFileReference; includeInIndex = 1; lastKnownFileType = sourcecode.swift; path = NavigationViewModelV2.swift; sourceTree = "<group>"; };
		B930F1D2F342C5D58BD7B889 /* TranscriptDTO.swift */ = {isa = PBXFileReference; includeInIndex = 1; lastKnownFileType = sourcecode.swift; path = TranscriptDTO.swift; sourceTree = "<group>"; };
		BC12039CA327089CC1010027 /* SettingsViewV2.swift */ = {isa = PBXFileReference; includeInIndex = 1; lastKnownFileType = sourcecode.swift; path = SettingsViewV2.swift; sourceTree = "<group>"; };
		BDA413EE9305C427988A7439 /* FolderRepository.swift */ = {isa = PBXFileReference; includeInIndex = 1; lastKnownFileType = sourcecode.swift; path = FolderRepository.swift; sourceTree = "<group>"; };
		CC0000B00000000B /* ModelPickerMenu.swift */ = {isa = PBXFileReference; lastKnownFileType = sourcecode.swift; path = ModelPickerMenu.swift; sourceTree = "<group>"; };
		D0A200194A4444435072733F /* ContentViewV2.swift */ = {isa = PBXFileReference; includeInIndex = 1; lastKnownFileType = sourcecode.swift; path = ContentViewV2.swift; sourceTree = "<group>"; };
		D69953C06FF92116AE18C2DE /* TrashService.swift */ = {isa = PBXFileReference; includeInIndex = 1; lastKnownFileType = sourcecode.swift; path = TrashService.swift; sourceTree = "<group>"; };
		
		DBA3562E4C531972E9D61F66 /* SourcesViewModel.swift */ = {isa = PBXFileReference; includeInIndex = 1; lastKnownFileType = sourcecode.swift; path = SourcesViewModel.swift; sourceTree = "<group>"; };
		DBECEEA4D622EE030E4E9ED6 /* SourceDTO.swift */ = {isa = PBXFileReference; includeInIndex = 1; lastKnownFileType = sourcecode.swift; path = SourceDTO.swift; sourceTree = "<group>"; };
		DD00000100000001 /* LLMAccountDTO.swift */ = {isa = PBXFileReference; lastKnownFileType = sourcecode.swift; path = LLMAccountDTO.swift; sourceTree = "<group>"; };
		DD00000200000002 /* APILogDTO.swift */ = {isa = PBXFileReference; lastKnownFileType = sourcecode.swift; path = APILogDTO.swift; sourceTree = "<group>"; };
		DD00000300000003 /* SQLiteLLMAccountRepository.swift */ = {isa = PBXFileReference; lastKnownFileType = sourcecode.swift; path = SQLiteLLMAccountRepository.swift; sourceTree = "<group>"; };
		DD00000300000004 /* SQLiteLLMUsageRepository.swift */ = {isa = PBXFileReference; lastKnownFileType = sourcecode.swift; path = SQLiteLLMUsageRepository.swift; sourceTree = "<group>"; };
		DD00000300000005 /* SQLiteLLMJobRepository.swift */ = {isa = PBXFileReference; lastKnownFileType = sourcecode.swift; path = SQLiteLLMJobRepository.swift; sourceTree = "<group>"; };
		DD00000300000007 /* SQLiteLLMModelRepository.swift */ = {isa = PBXFileReference; lastKnownFileType = sourcecode.swift; path = SQLiteLLMModelRepository.swift; sourceTree = "<group>"; };
		DD00000400000004 /* SQLiteAPILogRepository.swift */ = {isa = PBXFileReference; lastKnownFileType = sourcecode.swift; path = SQLiteAPILogRepository.swift; sourceTree = "<group>"; };
		DD0000C00000000C /* MarkdownEditableView.swift */ = {isa = PBXFileReference; includeInIndex = 1; lastKnownFileType = sourcecode.swift; path = MarkdownEditableView.swift; sourceTree = "<group>"; };
		DF266F9B0F879544CB1FB848 /* PathSanitizer.swift */ = {isa = PBXFileReference; includeInIndex = 1; lastKnownFileType = sourcecode.swift; path = PathSanitizer.swift; sourceTree = "<group>"; };
		DM00000000000001 /* LLMJob.swift */ = {isa = PBXFileReference; lastKnownFileType = sourcecode.swift; path = LLMJob.swift; sourceTree = "<group>"; };
		DM00000000000002 /* LLMJobPayload.swift */ = {isa = PBXFileReference; lastKnownFileType = sourcecode.swift; path = LLMJobPayload.swift; sourceTree = "<group>"; };
		DM00000000000003 /* LLMUsage.swift */ = {isa = PBXFileReference; lastKnownFileType = sourcecode.swift; path = LLMUsage.swift; sourceTree = "<group>"; };
		DM00000000000005 /* LLMModel.swift */ = {isa = PBXFileReference; lastKnownFileType = sourcecode.swift; path = LLMModel.swift; sourceTree = "<group>"; };
		DTO0000000000001 /* LLMJobDTO.swift */ = {isa = PBXFileReference; lastKnownFileType = sourcecode.swift; path = LLMJobDTO.swift; sourceTree = "<group>"; };
		DTO0000000000002 /* LLMUsageDTO.swift */ = {isa = PBXFileReference; lastKnownFileType = sourcecode.swift; path = LLMUsageDTO.swift; sourceTree = "<group>"; };
		DTO0000000000004 /* LLMModelDTO.swift */ = {isa = PBXFileReference; lastKnownFileType = sourcecode.swift; path = LLMModelDTO.swift; sourceTree = "<group>"; };
		DTO0000000000005 /* LLMAccountModelDTO.swift */ = {isa = PBXFileReference; lastKnownFileType = sourcecode.swift; path = LLMAccountModelDTO.swift; sourceTree = "<group>"; };
		E4C310BB2F07F16244282199 /* Document.swift */ = {isa = PBXFileReference; includeInIndex = 1; lastKnownFileType = sourcecode.swift; path = Document.swift; sourceTree = "<group>"; };
		EC75A3560352EBA261A78E28 /* AudioTimelineView.swift */ = {isa = PBXFileReference; lastKnownFileType = sourcecode.swift; path = AudioTimelineView.swift; sourceTree = "<group>"; };
		F0000000F0000000 /* HiDocu.app */ = {isa = PBXFileReference; explicitFileType = wrapper.application; includeInIndex = 0; path = HiDocu.app; sourceTree = BUILT_PRODUCTS_DIR; };
		F0000011F0000011 /* HiDocuApp.swift */ = {isa = PBXFileReference; lastKnownFileType = sourcecode.swift; path = HiDocuApp.swift; sourceTree = "<group>"; };
		F0000012F0000012 /* AppDependencyContainer.swift */ = {isa = PBXFileReference; lastKnownFileType = sourcecode.swift; path = AppDependencyContainer.swift; sourceTree = "<group>"; };
		F0000013F0000013 /* AppLogger.swift */ = {isa = PBXFileReference; lastKnownFileType = sourcecode.swift; path = AppLogger.swift; sourceTree = "<group>"; };
		F0000014F0000014 /* Date+Extensions.swift */ = {isa = PBXFileReference; lastKnownFileType = sourcecode.swift; path = "Date+Extensions.swift"; sourceTree = "<group>"; };
		F0000015F0000015 /* Int+Extensions.swift */ = {isa = PBXFileReference; lastKnownFileType = sourcecode.swift; path = "Int+Extensions.swift"; sourceTree = "<group>"; };
		F0000016F0000016 /* Recording.swift */ = {isa = PBXFileReference; lastKnownFileType = sourcecode.swift; path = Recording.swift; sourceTree = "<group>"; };
		F000001BF000001B /* DeviceRepository.swift */ = {isa = PBXFileReference; lastKnownFileType = sourcecode.swift; path = DeviceRepository.swift; sourceTree = "<group>"; };
		F000001CF000001C /* DatabaseManager.swift */ = {isa = PBXFileReference; lastKnownFileType = sourcecode.swift; path = DatabaseManager.swift; sourceTree = "<group>"; };
		F0000030F0000030 /* DeviceConnectionService.swift */ = {isa = PBXFileReference; lastKnownFileType = sourcecode.swift; path = DeviceConnectionService.swift; sourceTree = "<group>"; };
		F0000031F0000031 /* FileSystemService.swift */ = {isa = PBXFileReference; lastKnownFileType = sourcecode.swift; path = FileSystemService.swift; sourceTree = "<group>"; };
		F0000036F0000036 /* JensenActor.swift */ = {isa = PBXFileReference; lastKnownFileType = sourcecode.swift; path = JensenActor.swift; sourceTree = "<group>"; };
		F0000040F0000040 /* HiDocu.entitlements */ = {isa = PBXFileReference; lastKnownFileType = text.plist.entitlements; path = HiDocu.entitlements; sourceTree = "<group>"; };
		F0000041F0000041 /* Info.plist */ = {isa = PBXFileReference; lastKnownFileType = text.plist.xml; path = Info.plist; sourceTree = "<group>"; };
		F0A00000F0A00000 /* HiDocuTests.xctest */ = {isa = PBXFileReference; explicitFileType = wrapper.cfbundle; includeInIndex = 0; path = HiDocuTests.xctest; sourceTree = BUILT_PRODUCTS_DIR; };
		F0A00011F0A00011 /* HiDocuTests.swift */ = {isa = PBXFileReference; lastKnownFileType = sourcecode.swift; path = HiDocuTests.swift; sourceTree = "<group>"; };
		F0A00012F0A00012 /* DatabaseTests.swift */ = {isa = PBXFileReference; lastKnownFileType = sourcecode.swift; path = DatabaseTests.swift; sourceTree = "<group>"; };
		F0A00013F0A00013 /* ImportLogicTests.swift */ = {isa = PBXFileReference; lastKnownFileType = sourcecode.swift; path = ImportLogicTests.swift; sourceTree = "<group>"; };
		F542AE3F2464304DFD5DEFD6 /* TrashView.swift */ = {isa = PBXFileReference; includeInIndex = 1; lastKnownFileType = sourcecode.swift; path = TrashView.swift; sourceTree = "<group>"; };
		F5A00011F5A00011 /* TranscriptionTests.swift */ = {isa = PBXFileReference; lastKnownFileType = sourcecode.swift; path = TranscriptionTests.swift; sourceTree = "<group>"; };
		F8000010F8000010 /* ErrorBannerView.swift */ = {isa = PBXFileReference; lastKnownFileType = sourcecode.swift; path = ErrorBannerView.swift; sourceTree = "<group>"; };
		FA55DE2ACE96B64C6A54BE4E /* Folder.swift */ = {isa = PBXFileReference; includeInIndex = 1; lastKnownFileType = sourcecode.swift; path = Folder.swift; sourceTree = "<group>"; };
		FDC92D8AF4F6028806551C10 /* DocumentDetailView.swift */ = {isa = PBXFileReference; includeInIndex = 1; lastKnownFileType = sourcecode.swift; path = DocumentDetailView.swift; sourceTree = "<group>"; };
		FF00000100000001 /* ClaudeProvider.swift */ = {isa = PBXFileReference; lastKnownFileType = sourcecode.swift; path = ClaudeProvider.swift; sourceTree = "<group>"; };
		FF00000200000002 /* CodexProvider.swift */ = {isa = PBXFileReference; lastKnownFileType = sourcecode.swift; path = CodexProvider.swift; sourceTree = "<group>"; };
		FF00000300000003 /* GeminiProvider.swift */ = {isa = PBXFileReference; lastKnownFileType = sourcecode.swift; path = GeminiProvider.swift; sourceTree = "<group>"; };
		FF00000400000004 /* LLMService.swift */ = {isa = PBXFileReference; lastKnownFileType = sourcecode.swift; path = LLMService.swift; sourceTree = "<group>"; };
		FF00000500000005 /* LLMSettingsViewModel.swift */ = {isa = PBXFileReference; lastKnownFileType = sourcecode.swift; path = LLMSettingsViewModel.swift; sourceTree = "<group>"; };
		FF00000600000006 /* LLMSettingsTab.swift */ = {isa = PBXFileReference; lastKnownFileType = sourcecode.swift; path = LLMSettingsTab.swift; sourceTree = "<group>"; };
		FF00000700000007 /* AntigravityProvider.swift */ = {isa = PBXFileReference; lastKnownFileType = sourcecode.swift; path = AntigravityProvider.swift; sourceTree = "<group>"; };
		LQS0000000000001 /* LLMQueueState.swift */ = {isa = PBXFileReference; lastKnownFileType = sourcecode.swift; path = LLMQueueState.swift; sourceTree = "<group>"; };
		LQV0000000000001 /* LLMQueueService.swift */ = {isa = PBXFileReference; lastKnownFileType = sourcecode.swift; path = LLMQueueService.swift; sourceTree = "<group>"; };
		M3N4O5P6Q7R8S9T0U1V2W3X4 /* GenerateTranscriptSheet.swift */ = {isa = PBXFileReference; lastKnownFileType = sourcecode.swift; path = GenerateTranscriptSheet.swift; sourceTree = "<group>"; };
		QS00000000000001 /* QuotaService.swift */ = {isa = PBXFileReference; lastKnownFileType = sourcecode.swift; path = QuotaService.swift; sourceTree = "<group>"; };
		TM00000000000001 /* TokenManager.swift */ = {isa = PBXFileReference; lastKnownFileType = sourcecode.swift; path = TokenManager.swift; sourceTree = "<group>"; };
		A39E440C62C1A3D0620AACD4 /* RecordingSourceViewModel.swift */ = {isa = PBXFileReference; lastKnownFileType = sourcecode.swift; path = RecordingSourceViewModel.swift; sourceTree = "<group>"; };
		C2E77ED394B3F03BE48200F2 /* RecordingSourceDetailView.swift */ = {isa = PBXFileReference; lastKnownFileType = sourcecode.swift; path = RecordingSourceDetailView.swift; sourceTree = "<group>"; };
		9157D5BF5831DA5A2CBCF95D /* AllRecordingsView.swift */ = {isa = PBXFileReference; lastKnownFileType = sourcecode.swift; path = AllRecordingsView.swift; sourceTree = "<group>"; };
		AB1234567890ABCD12340001 /* AllRecordingsViewModel.swift */ = {isa = PBXFileReference; lastKnownFileType = sourcecode.swift; path = AllRecordingsViewModel.swift; sourceTree = "<group>"; };
		AB1234567890ABCD12340002 /* AvailabilityStatusIcon.swift */ = {isa = PBXFileReference; lastKnownFileType = sourcecode.swift; path = AvailabilityStatusIcon.swift; sourceTree = "<group>"; };
		AB1234567890ABCD12340003 /* DocumentStatusCell.swift */ = {isa = PBXFileReference; lastKnownFileType = sourcecode.swift; path = DocumentStatusCell.swift; sourceTree = "<group>"; };
		AB1234567890ABCD12340004 /* RecordingContextMenu.swift */ = {isa = PBXFileReference; lastKnownFileType = sourcecode.swift; path = RecordingContextMenu.swift; sourceTree = "<group>"; };
		AB1234567890ABCD12340005 /* RecordingTableView.swift */ = {isa = PBXFileReference; lastKnownFileType = sourcecode.swift; path = RecordingTableView.swift; sourceTree = "<group>"; };
		AB1234567890ABCD12340006 /* RecordingRowDisplayable.swift */ = {isa = PBXFileReference; lastKnownFileType = sourcecode.swift; path = Shared/RecordingRowDisplayable.swift; sourceTree = "<group>"; };
		AB1234567890ABCD12340007 /* DocumentRowDisplayable.swift */ = {isa = PBXFileReference; lastKnownFileType = sourcecode.swift; path = Shared/DocumentRowDisplayable.swift; sourceTree = "<group>"; };
		AB1234567890ABCD12340008 /* DocumentTableView.swift */ = {isa = PBXFileReference; lastKnownFileType = sourcecode.swift; path = DocumentTableView.swift; sourceTree = "<group>"; };
		AB1234567890ABCD12340009 /* TrashViewModel.swift */ = {isa = PBXFileReference; lastKnownFileType = sourcecode.swift; path = Trash/TrashViewModel.swift; sourceTree = "<group>"; };
		B6445531941E4C1AAAA93677 /* DeviceIconView.swift */ = {isa = PBXFileReference; lastKnownFileType = sourcecode.swift; path = DeviceIconView.swift; sourceTree = "<group>"; };
		2B2CD920910D4121B523536E /* ImportButton.swift */ = {isa = PBXFileReference; lastKnownFileType = sourcecode.swift; path = ImportButton.swift; sourceTree = "<group>"; };
		225966B851CE4A9A86ECCBBF /* ImportProgressViews.swift */ = {isa = PBXFileReference; lastKnownFileType = sourcecode.swift; path = ImportProgressViews.swift; sourceTree = "<group>"; };
		FAE7D44C08D44BD683B1959C /* DeviceHeaderView.swift */ = {isa = PBXFileReference; lastKnownFileType = sourcecode.swift; path = DeviceHeaderView.swift; sourceTree = "<group>"; };
		40494DDD4B60440EA94DFA54 /* RecordingTableConstants.swift */ = {isa = PBXFileReference; lastKnownFileType = sourcecode.swift; path = RecordingTableConstants.swift; sourceTree = "<group>"; };
		278128D2641A4FA4ACAE9282 /* RecordingEmptyStateView.swift */ = {isa = PBXFileReference; lastKnownFileType = sourcecode.swift; path = RecordingEmptyStateView.swift; sourceTree = "<group>"; };
/* End PBXFileReference section */

/* Begin PBXFrameworksBuildPhase section */
		F1000001F1000001 /* Frameworks */ = {
			isa = PBXFrameworksBuildPhase;
			buildActionMask = 2147483647;
			files = (
				F0000050F0000050 /* JensenUSB in Frameworks */,
				F0000052F0000052 /* GRDB in Frameworks */,
				F0000054F0000054 /* Textual in Frameworks */,
			);
			runOnlyForDeploymentPostprocessing = 0;
		};
		F1A00001F1A00001 /* Frameworks */ = {
			isa = PBXFrameworksBuildPhase;
			buildActionMask = 2147483647;
			files = (
				F0A00052F0A00052 /* GRDB in Frameworks */,
			);
			runOnlyForDeploymentPostprocessing = 0;
		};
/* End PBXFrameworksBuildPhase section */

/* Begin PBXGroup section */
		09A667772F34CB7D004D0544 /* Device */ = {
			isa = PBXGroup;
			children = (
				09134FD2A3C89DFB7EA7BB0F /* DeviceDashboardView.swift */,
			);
			path = Device;
			sourceTree = "<group>";
		};
		4BE3B9C61F7EC32C4CA2E163 /* Documents */ = {
			isa = PBXGroup;
			children = (
				3F5287EBB0531F111E6E01E6 /* DocumentListView.swift */,
				FDC92D8AF4F6028806551C10 /* DocumentDetailView.swift */,
				627C906DFCEFBC8B5814A44A /* RecordingPickerView.swift */,
				5D72292447C49CDF94138C43 /* TranscriptStudio */,
			);
			path = Documents;
			sourceTree = "<group>";
		};
		5D72292447C49CDF94138C43 /* TranscriptStudio */ = {
			isa = PBXGroup;
			children = (
				905223C42AFE09B648A3121F /* TranscriptStudioView.swift */,
				EC75A3560352EBA261A78E28 /* AudioTimelineView.swift */,
				2C37075ADF55F93DD763F974 /* VariantTabBar.swift */,
				9BFD426BB0B6D99B53CEE11E /* PromoteBanner.swift */,
				25F73D445794CFE78B28411B /* TranscriptStatusBar.swift */,
				770B5B44BD9261D588D42502 /* AddTranscriptSheet.swift */,
				M3N4O5P6Q7R8S9T0U1V2W3X4 /* GenerateTranscriptSheet.swift */,
			);
			path = TranscriptStudio;
			sourceTree = "<group>";
		};
		6631DDC458171CC9C7062A5D /* Trash */ = {
			isa = PBXGroup;
			children = (
				F542AE3F2464304DFD5DEFD6 /* TrashView.swift */,
			);
			path = Trash;
			sourceTree = "<group>";
		};
		CC00000100000001 /* LLM */ = {
			isa = PBXGroup;
			children = (
				AA00000900000009 /* PKCEHelper.swift */,
				AA0000100000000A /* KeychainService.swift */,
				AA0000110000000B /* OAuthCallbackServer.swift */,
				AA0000120000000C /* SSEParser.swift */,
				FF00000400000004 /* LLMService.swift */,
				TM00000000000001 /* TokenManager.swift */,
				QS00000000000001 /* QuotaService.swift */,
				LQS0000000000001 /* LLMQueueState.swift */,
				LQV0000000000001 /* LLMQueueService.swift */,
				FF20000100000001 /* Providers */,
			);
			path = LLM;
			sourceTree = "<group>";
		};
		D8402727206E439A8869D212 /* Components */ = {
			isa = PBXGroup;
			children = (
				F8000010F8000010 /* ErrorBannerView.swift */,
				07496990C2830BD1439D5351 /* BatteryIndicatorView.swift */,
				CC0000B00000000B /* ModelPickerMenu.swift */,
				DD0000C00000000C /* MarkdownEditableView.swift */,				02EA9E22A4AFD964CEEF863C /* JobMonitorPopoverView.swift */,
				48AB4784CE383DE158F98103 /* ToolbarQuotaIndicatorView.swift */,
				0B943509DFD1D703D9B64291 /* QuotaPopoverView.swift */,
				23ED289FB59AE3C4686E8DFC /* ToolbarJobMonitorView.swift */,
				B6445531941E4C1AAAA93677 /* DeviceIconView.swift */,
				2B2CD920910D4121B523536E /* ImportButton.swift */,
				225966B851CE4A9A86ECCBBF /* ImportProgressViews.swift */,
				FAE7D44C08D44BD683B1959C /* DeviceHeaderView.swift */,
				AB1234567890ABCD12340008 /* DocumentTableView.swift */,
				AB1234567890ABCD12340005 /* RecordingTableView.swift */,
			);
			path = Components;
			sourceTree = "<group>";
		};
		F2000000F2000000 = {
			isa = PBXGroup;
			children = (
				F2000001F2000001 /* HiDocu */,
				F2A00001F2A00001 /* HiDocuTests */,
				F2000099F2000099 /* Products */,
			);
			sourceTree = "<group>";
		};
		F2000001F2000001 /* HiDocu */ = {
			isa = PBXGroup;
			children = (
				F2000002F2000002 /* App */,
				F2000003F2000003 /* Core */,
				F2000004F2000004 /* Domain */,
				F2000005F2000005 /* Data */,
				F2000006F2000006 /* Presentation */,
				F0000040F0000040 /* HiDocu.entitlements */,
				F0000041F0000041 /* Info.plist */,
				099ED2A52F348BBA00905EA4 /* Assets.xcassets */,
			);
			path = HiDocu;
			sourceTree = "<group>";
		};
		F2000002F2000002 /* App */ = {
			isa = PBXGroup;
			children = (
				F0000011F0000011 /* HiDocuApp.swift */,
				F0000012F0000012 /* AppDependencyContainer.swift */,
			);
			path = App;
			sourceTree = "<group>";
		};
		F2000003F2000003 /* Core */ = {
			isa = PBXGroup;
			children = (
				F0000013F0000013 /* AppLogger.swift */,
				F2000007F2000007 /* Extensions */,
			);
			path = Core;
			sourceTree = "<group>";
		};
		F2000004F2000004 /* Domain */ = {
			isa = PBXGroup;
			children = (
				F2000008F2000008 /* Models */,
				F2000009F2000009 /* Protocols */,
				F200000AF200000A /* UseCases */,
			);
			path = Domain;
			sourceTree = "<group>";
		};
		F2000005F2000005 /* Data */ = {
			isa = PBXGroup;
			children = (
				F200000BF200000B /* Database */,
				F200000CF200000C /* Services */,
				F200000DF200000D /* Repositories */,
			);
			path = Data;
			sourceTree = "<group>";
		};
		F2000006F2000006 /* Presentation */ = {
			isa = PBXGroup;
			children = (
				F2000010F2000010 /* Views */,
				F2000011F2000011 /* ViewModels */,
			);
			path = Presentation;
			sourceTree = "<group>";
		};
		F2000007F2000007 /* Extensions */ = {
			isa = PBXGroup;
			children = (
				86F8B131B8884602A9CF022F /* TimeInterval+Extensions.swift */,
				F0000014F0000014 /* Date+Extensions.swift */,
				F0000015F0000015 /* Int+Extensions.swift */,
			);
			path = Extensions;
			sourceTree = "<group>";
		};
		F2000008F2000008 /* Models */ = {
			isa = PBXGroup;
			children = (
				F0000016F0000016 /* Recording.swift */,
				FA55DE2ACE96B64C6A54BE4E /* Folder.swift */,
				E4C310BB2F07F16244282199 /* Document.swift */,
				371F17CB8D6ADADD5D3AD590 /* Source.swift */,
				120ABFADCBA34F60024F6346 /* Transcript.swift */,
				1358CE1110F0A9D6089071F3 /* DeletionLogEntry.swift */,
				9CB033465FB3E12E0BB749B1 /* RecordingV2.swift */,
				F5A077FC9AD84D72A3E071BC /* RecordingSource.swift */,
				AA00000100000001 /* LLMProvider.swift */,
				AA00000200000002 /* LLMAccount.swift */,
				DM00000000000005 /* LLMModel.swift */,
				DM00000000000003 /* LLMUsage.swift */,
				DM00000000000002 /* LLMJobPayload.swift */,
				DM00000000000001 /* LLMJob.swift */,
				AA00000300000003 /* LLMMessage.swift */,
				AA00000400000004 /* APILogEntry.swift */,
				AA00000500000005 /* LLMError.swift */,
				AA0000A00000000A /* AvailableModel.swift */,
				AA0000B00000000B /* JudgeResponse.swift */,
			);
			path = Models;
			sourceTree = "<group>";
		};
		F2000009F2000009 /* Protocols */ = {
			isa = PBXGroup;
			children = (
				F000001BF000001B /* DeviceRepository.swift */,
				BDA413EE9305C427988A7439 /* FolderRepository.swift */,
				12A960990416284D3F0FFA9C /* DocumentRepository.swift */,
				A98CB705C2B0017E531544B6 /* SourceRepository.swift */,
				2B0D1580CF48C34D6AA476C3 /* TranscriptRepository.swift */,
				93F40903E763C5CAAA849A16 /* RecordingRepositoryV2.swift */,
				485F8C4FF11D4F0F8983C76E /* RecordingSourceRepository.swift */,
				47BF7D3168C144CED0C36ED9 /* DeletionLogRepository.swift */,
				AA00000600000006 /* LLMProviderStrategy.swift */,
				AA00000700000007 /* LLMAccountRepository.swift */,
				AA00000700000008 /* LLMJobRepository.swift */,
				AA00000700000009 /* LLMUsageRepository.swift */,
				AA00000700000011 /* LLMModelRepository.swift */,
				AA00000800000008 /* APILogRepository.swift */,
			);
			path = Protocols;
			sourceTree = "<group>";
		};
		F200000AF200000A /* UseCases */ = {
			isa = PBXGroup;
			children = (
);
			path = UseCases;
			sourceTree = "<group>";
		};
		F200000BF200000B /* Database */ = {
			isa = PBXGroup;
			children = (
				F000001CF000001C /* DatabaseManager.swift */,
				F200000EF200000E /* DTOs */,
				F200000FF200000F /* Migrations */,
			);
			path = Database;
			sourceTree = "<group>";
		};
		F200000CF200000C /* Services */ = {
			isa = PBXGroup;
			children = (
				F0000030F0000030 /* DeviceConnectionService.swift */,
				F0000031F0000031 /* FileSystemService.swift */,
				F0000036F0000036 /* JensenActor.swift */,
				6226CD68D273A20A4EBB9B65 /* DocumentService.swift */,
				42EB92A51DFBFEB3BE82AB4E /* FolderService.swift */,
				8C0838C39A86F5F4DC084A98 /* ContextService.swift */,
				D69953C06FF92116AE18C2DE /* TrashService.swift */,
				1982272C3186149C008392DB /* SettingsService.swift */,
				368BA73F8C08D273FE2B21C8 /* RecordingImportServiceV2.swift */,
				RSSF00001A5B6C7D /* RecordingSourceService.swift */,
				DF266F9B0F879544CB1FB848 /* PathSanitizer.swift */,
				CC00000100000001 /* LLM */,
			);
			path = Services;
			sourceTree = "<group>";
		};
		F200000DF200000D /* Repositories */ = {
			isa = PBXGroup;
			children = (
				366665D1CFE1F75AFAAD9DF4 /* SQLiteFolderRepository.swift */,
				58E73F682433820EF6C487A9 /* SQLiteDocumentRepository.swift */,
				438E368ED96312AD4F772D25 /* SQLiteSourceRepository.swift */,
				37A04E6ED12F76D8DF4867E7 /* SQLiteTranscriptRepository.swift */,
				A29A4A2521C6F0977A6C729F /* SQLiteRecordingRepositoryV2.swift */,
				DAB94EA38DBD470B850CBA1F /* SQLiteRecordingSourceRepository.swift */,
				AAA3834F987CA973FCD8506B /* SQLiteDeletionLogRepository.swift */,
				DD00000300000003 /* SQLiteLLMAccountRepository.swift */,
				DD00000300000007 /* SQLiteLLMModelRepository.swift */,
				DD00000300000005 /* SQLiteLLMJobRepository.swift */,
				DD00000300000004 /* SQLiteLLMUsageRepository.swift */,
				DD00000400000004 /* SQLiteAPILogRepository.swift */,
			);
			path = Repositories;
			sourceTree = "<group>";
		};
		F200000EF200000E /* DTOs */ = {
			isa = PBXGroup;
			children = (
				6BE26D22ECF04CC038346BDC /* FolderDTO.swift */,
				4937DF72E8C1DB57768B0B94 /* DocumentDTO.swift */,
				DBECEEA4D622EE030E4E9ED6 /* SourceDTO.swift */,
				B930F1D2F342C5D58BD7B889 /* TranscriptDTO.swift */,
				37BFD95EBB1B504ED68E3980 /* DeletionLogDTO.swift */,
				A9D040E8C768C4EB7680B474 /* RecordingV2DTO.swift */,
				D99C1960DB53454796885B23 /* RecordingSourceDTO.swift */,
				DD00000100000001 /* LLMAccountDTO.swift */,
				DTO0000000000004 /* LLMModelDTO.swift */,
				DTO0000000000005 /* LLMAccountModelDTO.swift */,
				DTO0000000000002 /* LLMUsageDTO.swift */,
				DTO0000000000001 /* LLMJobDTO.swift */,
				DD00000200000002 /* APILogDTO.swift */,
			);
			path = DTOs;
			sourceTree = "<group>";
		};
		F200000FF200000F /* Migrations */ = {
			isa = PBXGroup;
			children = (
);
			path = Migrations;
			sourceTree = "<group>";
		};
		F2000010F2000010 /* Views */ = {
			isa = PBXGroup;
			children = (
				09A667772F34CB7D004D0544 /* Device */,
				F3000070F3000070 /* Sidebar */,
				D8402727206E439A8869D212 /* Components */,
				F8000030F8000030 /* Settings */,
				4BE3B9C61F7EC32C4CA2E163 /* Documents */,
				D0A200194A4444435072733F /* ContentViewV2.swift */,
				FB454B08628CE5A75BC6ED32 /* Folders */,
				6631DDC458171CC9C7062A5D /* Trash */,
							FB2DDE62926C7C5A52D00344 /* Recordings */,
);
			path = Views;
			sourceTree = "<group>";
		};
		F2000011F2000011 /* ViewModels */ = {
			isa = PBXGroup;
			children = (
				14B1464F9B61FF0B4ED761F6 /* DeviceDashboardViewModel.swift */,
				B89857DC3BCEF88B833F5CEF /* NavigationViewModelV2.swift */,
				AEF1499B052B6ECD6B8CCF60 /* FolderTreeViewModel.swift */,
				5CF5D0788A026355A829DC46 /* DocumentListViewModel.swift */,
				AAADD95ECAC7FF3C0B18B887 /* DocumentDetailViewModel.swift */,
				DBA3562E4C531972E9D61F66 /* SourcesViewModel.swift */,
				FF00000500000005 /* LLMSettingsViewModel.swift */,
							A39E440C62C1A3D0620AACD4 /* RecordingSourceViewModel.swift */,
				AB1234567890ABCD12340001 /* AllRecordingsViewModel.swift */,
				AB1234567890ABCD12340009 /* TrashViewModel.swift */,
				AB1234567890ABCD12340007 /* DocumentRowDisplayable.swift */,
				AB1234567890ABCD12340006 /* RecordingRowDisplayable.swift */,
);
			path = ViewModels;
			sourceTree = "<group>";
		};
		F2000099F2000099 /* Products */ = {
			isa = PBXGroup;
			children = (
				F0000000F0000000 /* HiDocu.app */,
				F0A00000F0A00000 /* HiDocuTests.xctest */,
			);
			name = Products;
			sourceTree = "<group>";
		};
		F2A00001F2A00001 /* HiDocuTests */ = {
			isa = PBXGroup;
			children = (
				F0A00011F0A00011 /* HiDocuTests.swift */,
				F0A00012F0A00012 /* DatabaseTests.swift */,
				F0A00013F0A00013 /* ImportLogicTests.swift */,
				F5A00011F5A00011 /* TranscriptionTests.swift */,
			);
			path = HiDocuTests;
			sourceTree = "<group>";
		};
		F3000070F3000070 /* Sidebar */ = {
			isa = PBXGroup;
			children = (
				364A63BCA40C34F1107B6A60 /* SidebarViewV2.swift */,
			);
			path = Sidebar;
			sourceTree = "<group>";
		};
		F8000030F8000030 /* Settings */ = {
			isa = PBXGroup;
			children = (
				BC12039CA327089CC1010027 /* SettingsViewV2.swift */,
				FF00000600000006 /* LLMSettingsTab.swift */,
			);
			path = Settings;
			sourceTree = "<group>";
		};
		FB454B08628CE5A75BC6ED32 /* Folders */ = {
			isa = PBXGroup;
			children = (
				114150E40F24A3004A2DF620 /* FolderSettingsSheet.swift */,
			);
			path = Folders;
			sourceTree = "<group>";
		};
		FF20000100000001 /* Providers */ = {
			isa = PBXGroup;
			children = (
				FF00000700000007 /* AntigravityProvider.swift */,
				FF00000100000001 /* ClaudeProvider.swift */,
				FF00000200000002 /* CodexProvider.swift */,
				FF00000300000003 /* GeminiProvider.swift */,
			);
			path = Providers;
			sourceTree = "<group>";
		};
		FB2DDE62926C7C5A52D00344 /* Recordings */ = {
			isa = PBXGroup;
			children = (
				AB1234567890ABCD12340020 /* Components */,
							C2E77ED394B3F03BE48200F2 /* RecordingSourceDetailView.swift */,
				9157D5BF5831DA5A2CBCF95D /* AllRecordingsView.swift */,
);
			path = Recordings;
			sourceTree = "<group>";
		};
		AB1234567890ABCD12340020 /* Components */ = {
			isa = PBXGroup;
			children = (
				AB1234567890ABCD12340002 /* AvailabilityStatusIcon.swift */,
				AB1234567890ABCD12340003 /* DocumentStatusCell.swift */,
				AB1234567890ABCD12340004 /* RecordingContextMenu.swift */,
				40494DDD4B60440EA94DFA54 /* RecordingTableConstants.swift */,
				278128D2641A4FA4ACAE9282 /* RecordingEmptyStateView.swift */,
			);
			path = Components;
			sourceTree = "<group>";
		};
/* End PBXGroup section */

/* Begin PBXNativeTarget section */
		F3000000F3000000 /* HiDocu */ = {
			isa = PBXNativeTarget;
			buildConfigurationList = F4000000F4000000 /* Build configuration list for PBXNativeTarget "HiDocu" */;
			buildPhases = (
				F1000000F1000000 /* Sources */,
				F1000001F1000001 /* Frameworks */,
				F1000002F1000002 /* SwiftLint */,
				099ED2A62F348E9400905EA4 /* Resources */,
			);
			buildRules = (
			);
			dependencies = (
			);
			name = HiDocu;
			packageProductDependencies = (
				F0000051F0000051 /* JensenUSB */,
				F0000053F0000053 /* GRDB */,
				F0000055F0000055 /* Textual */,
			);
			productName = HiDocu;
			productReference = F0000000F0000000 /* HiDocu.app */;
			productType = "com.apple.product-type.application";
		};
		F3A00000F3A00000 /* HiDocuTests */ = {
			isa = PBXNativeTarget;
			buildConfigurationList = F4A00000F4A00000 /* Build configuration list for PBXNativeTarget "HiDocuTests" */;
			buildPhases = (
				F1A00000F1A00000 /* Sources */,
				F1A00001F1A00001 /* Frameworks */,
			);
			buildRules = (
			);
			dependencies = (
				F0A00061F0A00061 /* PBXTargetDependency */,
			);
			name = HiDocuTests;
			packageProductDependencies = (
				F0A00053F0A00053 /* GRDB */,
			);
			productName = HiDocuTests;
			productReference = F0A00000F0A00000 /* HiDocuTests.xctest */;
			productType = "com.apple.product-type.bundle.unit-test";
		};
/* End PBXNativeTarget section */

/* Begin PBXProject section */
		F5000000F5000000 /* Project object */ = {
			isa = PBXProject;
			attributes = {
				BuildIndependentTargetsInParallel = 1;
				LastSwiftUpdateCheck = 1520;
				LastUpgradeCheck = 2620;
				TargetAttributes = {
					F3000000F3000000 = {
						CreatedOnToolsVersion = 15.2;
					};
					F3A00000F3A00000 = {
						CreatedOnToolsVersion = 15.2;
						TestTargetID = F3000000F3000000;
					};
				};
			};
			buildConfigurationList = F4000001F4000001 /* Build configuration list for PBXProject "HiDocu" */;
			compatibilityVersion = "Xcode 14.0";
			developmentRegion = en;
			hasScannedForEncodings = 0;
			knownRegions = (
				en,
				Base,
			);
			mainGroup = F2000000F2000000;
			packageReferences = (
				F6000000F6000000 /* XCLocalSwiftPackageReference "JensenUSB" */,
				F6000001F6000001 /* XCRemoteSwiftPackageReference "GRDB.swift" */,
				F6000002F6000002 /* XCRemoteSwiftPackageReference "textual" */,
			);
			productRefGroup = F2000099F2000099 /* Products */;
			projectDirPath = "";
			projectRoot = "";
			targets = (
				F3000000F3000000 /* HiDocu */,
				F3A00000F3A00000 /* HiDocuTests */,
			);
		};
/* End PBXProject section */

/* Begin PBXResourcesBuildPhase section */
		099ED2A62F348E9400905EA4 /* Resources */ = {
			isa = PBXResourcesBuildPhase;
			buildActionMask = 2147483647;
			files = (
				099ED2A72F348EBA00905EA4 /* Assets.xcassets in Resources */,
			);
			runOnlyForDeploymentPostprocessing = 0;
		};
/* End PBXResourcesBuildPhase section */

/* Begin PBXShellScriptBuildPhase section */
		F1000002F1000002 /* SwiftLint */ = {
			isa = PBXShellScriptBuildPhase;
			alwaysOutOfDate = 1;
			buildActionMask = 2147483647;
			files = (
			);
			inputFileListPaths = (
			);
			inputPaths = (
			);
			name = SwiftLint;
			outputFileListPaths = (
			);
			outputPaths = (
			);
			runOnlyForDeploymentPostprocessing = 0;
			shellPath = /bin/sh;
			shellScript = "if which swiftlint > /dev/null; then\n  swiftlint --config \"${PROJECT_DIR}/../.swiftlint.yml\"\nelse\n  echo \"warning: SwiftLint not installed, download from https://github.com/realm/SwiftLint\"\nfi\n";
		};
/* End PBXShellScriptBuildPhase section */

/* Begin PBXSourcesBuildPhase section */
		F1000000F1000000 /* Sources */ = {
			isa = PBXSourcesBuildPhase;
			buildActionMask = 2147483647;
			files = (
				0119A84E4F2840779DA2E2B3 /* TimeInterval+Extensions.swift in Sources */,
				F0000001F0000001 /* HiDocuApp.swift in Sources */,
				F0000002F0000002 /* AppDependencyContainer.swift in Sources */,
				F0000003F0000003 /* AppLogger.swift in Sources */,
				F0000004F0000004 /* Date+Extensions.swift in Sources */,
				F0000005F0000005 /* Int+Extensions.swift in Sources */,
				F0000006F0000006 /* Recording.swift in Sources */,
				F000000BF000000B /* DeviceRepository.swift in Sources */,
				F000000CF000000C /* DatabaseManager.swift in Sources */,
				F0000020F0000020 /* DeviceConnectionService.swift in Sources */,
				F0000021F0000021 /* FileSystemService.swift in Sources */,
				F0000026F0000026 /* JensenActor.swift in Sources */,
				F8000020F8000020 /* ErrorBannerView.swift in Sources */,
				68054ABA82DDCF81977052B3 /* DeviceDashboardViewModel.swift in Sources */,
				87474A9B92E8EEC01F279E7F /* DeviceDashboardView.swift in Sources */,
				7FE08A5C64923C365769E369 /* Folder.swift in Sources */,
				3664B05D38E1AED300889576 /* Document.swift in Sources */,
				B0FBD0073DA6FED0C951D973 /* Source.swift in Sources */,
				F0429AD0CCB220B79569960F /* Transcript.swift in Sources */,
				C28F8D0E49B151F81D6633B4 /* TranscriptStudioView.swift in Sources */,
				59EDC159E09807316685383A /* AudioTimelineView.swift in Sources */,
				7E55DC0BB950CB6CC941F149 /* VariantTabBar.swift in Sources */,
				C7458EEDB15A9101AE14A13A /* PromoteBanner.swift in Sources */,
				AC0B048F36B4BD35DAF3A6D5 /* TranscriptStatusBar.swift in Sources */,
				90464C9049A11C09988A7C66 /* AddTranscriptSheet.swift in Sources */,
				A1B2C3D4E5F6G7H8I9J0K1L2 /* GenerateTranscriptSheet.swift in Sources */,
				DF3313BAB7828D8D8AB8304A /* DeletionLogEntry.swift in Sources */,
				DE3B51E4417F4918F5022E40 /* RecordingV2.swift in Sources */,
				071CE0515FFA41CAAACBB874 /* RecordingSource.swift in Sources */,
				3D6B099B9A5D77F71AADE23C /* FolderDTO.swift in Sources */,
				20B7797FB09248004C7B5DF8 /* DocumentDTO.swift in Sources */,
				7C544CC177A527E1114D7392 /* SourceDTO.swift in Sources */,
				CE4EB2D09509DEC4A3A562E1 /* TranscriptDTO.swift in Sources */,
				5454FE8644F05C68769CE2B3 /* DeletionLogDTO.swift in Sources */,
				022D1B3252A0A87CE530C60B /* RecordingV2DTO.swift in Sources */,
				8AB8E6490C1A4367B6DA9453 /* RecordingSourceDTO.swift in Sources */,
				A6B8973348B1B36D7C152E9F /* FolderRepository.swift in Sources */,
				826884BB9C56944CC45A4128 /* DocumentRepository.swift in Sources */,
				57CCCAE7FE29385655121C19 /* SourceRepository.swift in Sources */,
				6ED29A3CA24533D402F918DD /* TranscriptRepository.swift in Sources */,
				8C1F7AFE2BA73F51196C0CE6 /* RecordingRepositoryV2.swift in Sources */,
				8AA672C1610D4B0CAF91D672 /* RecordingSourceRepository.swift in Sources */,
				D29B81C7FF9C622845D2E888 /* DeletionLogRepository.swift in Sources */,
				F21116180C58EFA51A7A7459 /* SQLiteFolderRepository.swift in Sources */,
				A7E80828A8F4FECF9047CDEE /* SQLiteDocumentRepository.swift in Sources */,
				A5B176A9AEBF7C402C7342DA /* SQLiteSourceRepository.swift in Sources */,
				32C7299902FF667CC690A02A /* SQLiteTranscriptRepository.swift in Sources */,
				04DE6A3CDE2453D7D214B2CF /* SQLiteRecordingRepositoryV2.swift in Sources */,
				9DBFF30D1F374ABFB1C319F5 /* SQLiteRecordingSourceRepository.swift in Sources */,
				2D4B4E272B97C1411E75FA0C /* SQLiteDeletionLogRepository.swift in Sources */,
				BFC601E7D452D90CD990621E /* DocumentService.swift in Sources */,
				6653E1E533CD3337CF17CEB4 /* FolderService.swift in Sources */,
				5364D32C7080B14CCE496046 /* ContextService.swift in Sources */,
				0EC792C8A6BE261D6C07D17F /* TrashService.swift in Sources */,
				9DDDA0CC7D5FA306672B6EE7 /* SettingsService.swift in Sources */,
				BE6ECC1B25F71F50417558E0 /* RecordingImportServiceV2.swift in Sources */,
				RSSE00001A5B6C7D /* RecordingSourceService.swift in Sources */,
				AFA436901852E6303785837D /* NavigationViewModelV2.swift in Sources */,
				53438D90B497848BD250352E /* FolderTreeViewModel.swift in Sources */,
				A2626B02BDE9315C6B921544 /* DocumentListViewModel.swift in Sources */,
				C614C88D8F7EA4968EB1C148 /* DocumentDetailViewModel.swift in Sources */,
				B748C5428CCF2AE46CDC0CDD /* SidebarViewV2.swift in Sources */,
				0AF8675E8C569156DCE9CD4B /* ContentViewV2.swift in Sources */,
				C5C630A403A97F0B29ABD83C /* DocumentListView.swift in Sources */,
				E6BB1D6635FBEC8625C57A77 /* DocumentDetailView.swift in Sources */,
				126303CB56D1092A093FF1D6 /* SourcesViewModel.swift in Sources */,
				A42DC75AA8AEA317B8C3AF98 /* RecordingPickerView.swift in Sources */,
				8FC3622F4017BD0964C8FA82 /* FolderSettingsSheet.swift in Sources */,
				63DB1BE9930DC98549A59509 /* TrashView.swift in Sources */,
				310961DA68DD2E6085C77B8F /* SettingsViewV2.swift in Sources */,
				7C9C910ECDD42858F96B2447 /* BatteryIndicatorView.swift in Sources */,
				CC0000C00000000C /* ModelPickerMenu.swift in Sources */,
				CC1000C00000000C /* MarkdownEditableView.swift in Sources */,
				6FBDED703B6FC6EC14A8324E /* PathSanitizer.swift in Sources */,
				BB00000100000001 /* LLMProvider.swift in Sources */,
				BB00000200000002 /* LLMAccount.swift in Sources */,
				BM00000000000005 /* LLMModel.swift in Sources */,
				BM00000000000003 /* LLMUsage.swift in Sources */,
				BM00000000000002 /* LLMJobPayload.swift in Sources */,
				BM00000000000001 /* LLMJob.swift in Sources */,
				BB00000300000003 /* LLMMessage.swift in Sources */,
				BB00000400000004 /* APILogEntry.swift in Sources */,
				BB00000500000005 /* LLMError.swift in Sources */,
				BB00000600000006 /* LLMProviderStrategy.swift in Sources */,
				BB0000A00000000A /* AvailableModel.swift in Sources */,
				BB0000B00000000B /* JudgeResponse.swift in Sources */,
				BB00000700000007 /* LLMAccountRepository.swift in Sources */,
				BB00000700000008 /* LLMJobRepository.swift in Sources */,
				BB00000700000009 /* LLMUsageRepository.swift in Sources */,
				BB00000700000011 /* LLMModelRepository.swift in Sources */,
				BB00000800000008 /* APILogRepository.swift in Sources */,
				BB00000900000009 /* PKCEHelper.swift in Sources */,
				BB0000100000000A /* KeychainService.swift in Sources */,
				BB0000110000000B /* OAuthCallbackServer.swift in Sources */,
				BB0000120000000C /* SSEParser.swift in Sources */,
				EE00000100000001 /* LLMAccountDTO.swift in Sources */,
				BTO0000000000004 /* LLMModelDTO.swift in Sources */,
				BTO0000000000005 /* LLMAccountModelDTO.swift in Sources */,
				BTO0000000000002 /* LLMUsageDTO.swift in Sources */,
				BTO0000000000001 /* LLMJobDTO.swift in Sources */,
				EE00000200000002 /* APILogDTO.swift in Sources */,
				EE00000300000003 /* SQLiteLLMAccountRepository.swift in Sources */,
				EE00000300000007 /* SQLiteLLMModelRepository.swift in Sources */,
				EE00000300000005 /* SQLiteLLMJobRepository.swift in Sources */,
				EE00000300000004 /* SQLiteLLMUsageRepository.swift in Sources */,
				EE00000400000004 /* SQLiteAPILogRepository.swift in Sources */,
				FF10000700000007 /* AntigravityProvider.swift in Sources */,
				FF10000100000001 /* ClaudeProvider.swift in Sources */,
				FF10000200000002 /* CodexProvider.swift in Sources */,
				FF10000300000003 /* GeminiProvider.swift in Sources */,
				FF10000400000004 /* LLMService.swift in Sources */,
				TM10000000000001 /* TokenManager.swift in Sources */,
				QB00000000000001 /* QuotaService.swift in Sources */,
				LQS1000000000001 /* LLMQueueState.swift in Sources */,
				LQV1000000000001 /* LLMQueueService.swift in Sources */,
				FF10000500000005 /* LLMSettingsViewModel.swift in Sources */,
				FF10000600000006 /* LLMSettingsTab.swift in Sources */,				3DE8D43D5E41E48342A9B174 /* JobMonitorPopoverView.swift in Sources */,
				E9628EC90C9811DAA5FDE221 /* ToolbarQuotaIndicatorView.swift in Sources */,
				0ED011EB7EC2F9A051A66982 /* QuotaPopoverView.swift in Sources */,
				92AEDC85782DB00613E2A128 /* ToolbarJobMonitorView.swift in Sources */,							8D6F1D4C8176BC1DE48C7C59 /* RecordingSourceViewModel.swift in Sources */,
				F0F2FF9D8D0B1BF5A52461FD /* RecordingSourceDetailView.swift in Sources */,
				D7FFE2A012B3C7DDB6FE64A9 /* AllRecordingsView.swift in Sources */,
				AB1234567890ABCD12340011 /* AllRecordingsViewModel.swift in Sources */,
				AB1234567890ABCD12340012 /* AvailabilityStatusIcon.swift in Sources */,
				AB1234567890ABCD12340013 /* DocumentStatusCell.swift in Sources */,
				AB1234567890ABCD12340014 /* RecordingContextMenu.swift in Sources */,
				AB1234567890ABCD12340015 /* RecordingTableView.swift in Sources */,
				AB1234567890ABCD12340016 /* RecordingRowDisplayable.swift in Sources */,
				AB1234567890ABCD12340021 /* DocumentTableView.swift in Sources */,
				AB1234567890ABCD12340022 /* DocumentRowDisplayable.swift in Sources */,
				AB1234567890ABCD12340023 /* TrashViewModel.swift in Sources */,
				4621EB24B602474480B72556 /* DeviceIconView.swift in Sources */,
				844B76E919A0453990DD9A7F /* ImportButton.swift in Sources */,
				BE6826ADC71A49FBBFAF5A6E /* ImportProgressViews.swift in Sources */,
				C4D7FF49786E48F89353B64C /* DeviceHeaderView.swift in Sources */,
				E056915D9F9F40CC9DD3D09F /* RecordingTableConstants.swift in Sources */,
				EC1985E36FA9478FA3CC9FEF /* RecordingEmptyStateView.swift in Sources */,
);
			runOnlyForDeploymentPostprocessing = 0;
		};
		F1A00000F1A00000 /* Sources */ = {
			isa = PBXSourcesBuildPhase;
			buildActionMask = 2147483647;
			files = (
				F0A00001F0A00001 /* HiDocuTests.swift in Sources */,
				F0A00002F0A00002 /* DatabaseTests.swift in Sources */,
				F0A00003F0A00003 /* ImportLogicTests.swift in Sources */,
				F5A00001F5A00001 /* TranscriptionTests.swift in Sources */,
			);
			runOnlyForDeploymentPostprocessing = 0;
		};
/* End PBXSourcesBuildPhase section */

/* Begin PBXTargetDependency section */
		F0A00061F0A00061 /* PBXTargetDependency */ = {
			isa = PBXTargetDependency;
			target = F3000000F3000000 /* HiDocu */;
			targetProxy = F0A00060F0A00060 /* PBXContainerItemProxy */;
		};
/* End PBXTargetDependency section */

/* Begin XCBuildConfiguration section */
		F7000000F7000000 /* Debug */ = {
			isa = XCBuildConfiguration;
			buildSettings = {
				ALWAYS_SEARCH_USER_PATHS = NO;
				ASSETCATALOG_COMPILER_GENERATE_SWIFT_ASSET_SYMBOL_EXTENSIONS = YES;
				CLANG_ANALYZER_NONNULL = YES;
				CLANG_ANALYZER_NUMBER_OBJECT_CONVERSION = YES_AGGRESSIVE;
				CLANG_CXX_LANGUAGE_STANDARD = "gnu++20";
				CLANG_ENABLE_MODULES = YES;
				CLANG_ENABLE_OBJC_ARC = YES;
				CLANG_ENABLE_OBJC_WEAK = YES;
				CLANG_WARN_BLOCK_CAPTURE_AUTORELEASING = YES;
				CLANG_WARN_BOOL_CONVERSION = YES;
				CLANG_WARN_COMMA = YES;
				CLANG_WARN_CONSTANT_CONVERSION = YES;
				CLANG_WARN_DEPRECATED_OBJC_IMPLEMENTATIONS = YES;
				CLANG_WARN_DIRECT_OBJC_ISA_USAGE = YES_ERROR;
				CLANG_WARN_DOCUMENTATION_COMMENTS = YES;
				CLANG_WARN_EMPTY_BODY = YES;
				CLANG_WARN_ENUM_CONVERSION = YES;
				CLANG_WARN_INFINITE_RECURSION = YES;
				CLANG_WARN_INT_CONVERSION = YES;
				CLANG_WARN_NON_LITERAL_NULL_CONVERSION = YES;
				CLANG_WARN_OBJC_IMPLICIT_RETAIN_SELF = YES;
				CLANG_WARN_OBJC_LITERAL_CONVERSION = YES;
				CLANG_WARN_OBJC_ROOT_CLASS = YES_ERROR;
				CLANG_WARN_QUOTED_INCLUDE_IN_FRAMEWORK_HEADER = YES;
				CLANG_WARN_RANGE_LOOP_ANALYSIS = YES;
				CLANG_WARN_STRICT_PROTOTYPES = YES;
				CLANG_WARN_SUSPICIOUS_MOVE = YES;
				CLANG_WARN_UNGUARDED_AVAILABILITY = YES_AGGRESSIVE;
				CLANG_WARN_UNREACHABLE_CODE = YES;
				CLANG_WARN__DUPLICATE_METHOD_MATCH = YES;
				COPY_PHASE_STRIP = NO;
				DEAD_CODE_STRIPPING = YES;
				DEBUG_INFORMATION_FORMAT = dwarf;
				ENABLE_STRICT_OBJC_MSGSEND = YES;
				ENABLE_TESTABILITY = YES;
				ENABLE_USER_SCRIPT_SANDBOXING = YES;
				GCC_C_LANGUAGE_STANDARD = gnu17;
				GCC_DYNAMIC_NO_PIC = NO;
				GCC_NO_COMMON_BLOCKS = YES;
				GCC_OPTIMIZATION_LEVEL = 0;
				GCC_PREPROCESSOR_DEFINITIONS = (
					"DEBUG=1",
					"$(inherited)",
				);
				GCC_WARN_64_TO_32_BIT_CONVERSION = YES;
				GCC_WARN_ABOUT_RETURN_TYPE = YES_ERROR;
				GCC_WARN_UNDECLARED_SELECTOR = YES;
				GCC_WARN_UNINITIALIZED_AUTOS = YES_AGGRESSIVE;
				GCC_WARN_UNUSED_FUNCTION = YES;
				GCC_WARN_UNUSED_VARIABLE = YES;
				MACOSX_DEPLOYMENT_TARGET = 15.0;
				MTL_ENABLE_DEBUG_INFO = INCLUDE_SOURCE;
				MTL_FAST_MATH = YES;
				ONLY_ACTIVE_ARCH = YES;
				SDKROOT = macosx;
				STRING_CATALOG_GENERATE_SYMBOLS = YES;
				SWIFT_ACTIVE_COMPILATION_CONDITIONS = "DEBUG $(inherited)";
				SWIFT_OPTIMIZATION_LEVEL = "-Onone";
			};
			name = Debug;
		};
		F7000001F7000001 /* Release */ = {
			isa = XCBuildConfiguration;
			buildSettings = {
				ALWAYS_SEARCH_USER_PATHS = NO;
				ASSETCATALOG_COMPILER_GENERATE_SWIFT_ASSET_SYMBOL_EXTENSIONS = YES;
				CLANG_ANALYZER_NONNULL = YES;
				CLANG_ANALYZER_NUMBER_OBJECT_CONVERSION = YES_AGGRESSIVE;
				CLANG_CXX_LANGUAGE_STANDARD = "gnu++20";
				CLANG_ENABLE_MODULES = YES;
				CLANG_ENABLE_OBJC_ARC = YES;
				CLANG_ENABLE_OBJC_WEAK = YES;
				CLANG_WARN_BLOCK_CAPTURE_AUTORELEASING = YES;
				CLANG_WARN_BOOL_CONVERSION = YES;
				CLANG_WARN_COMMA = YES;
				CLANG_WARN_CONSTANT_CONVERSION = YES;
				CLANG_WARN_DEPRECATED_OBJC_IMPLEMENTATIONS = YES;
				CLANG_WARN_DIRECT_OBJC_ISA_USAGE = YES_ERROR;
				CLANG_WARN_DOCUMENTATION_COMMENTS = YES;
				CLANG_WARN_EMPTY_BODY = YES;
				CLANG_WARN_ENUM_CONVERSION = YES;
				CLANG_WARN_INFINITE_RECURSION = YES;
				CLANG_WARN_INT_CONVERSION = YES;
				CLANG_WARN_NON_LITERAL_NULL_CONVERSION = YES;
				CLANG_WARN_OBJC_IMPLICIT_RETAIN_SELF = YES;
				CLANG_WARN_OBJC_LITERAL_CONVERSION = YES;
				CLANG_WARN_OBJC_ROOT_CLASS = YES_ERROR;
				CLANG_WARN_QUOTED_INCLUDE_IN_FRAMEWORK_HEADER = YES;
				CLANG_WARN_RANGE_LOOP_ANALYSIS = YES;
				CLANG_WARN_STRICT_PROTOTYPES = YES;
				CLANG_WARN_SUSPICIOUS_MOVE = YES;
				CLANG_WARN_UNGUARDED_AVAILABILITY = YES_AGGRESSIVE;
				CLANG_WARN_UNREACHABLE_CODE = YES;
				CLANG_WARN__DUPLICATE_METHOD_MATCH = YES;
				COPY_PHASE_STRIP = NO;
				DEAD_CODE_STRIPPING = YES;
				DEBUG_INFORMATION_FORMAT = "dwarf-with-dsym";
				ENABLE_NS_ASSERTIONS = NO;
				ENABLE_STRICT_OBJC_MSGSEND = YES;
				ENABLE_USER_SCRIPT_SANDBOXING = YES;
				GCC_C_LANGUAGE_STANDARD = gnu17;
				GCC_NO_COMMON_BLOCKS = YES;
				GCC_WARN_64_TO_32_BIT_CONVERSION = YES;
				GCC_WARN_ABOUT_RETURN_TYPE = YES_ERROR;
				GCC_WARN_UNDECLARED_SELECTOR = YES;
				GCC_WARN_UNINITIALIZED_AUTOS = YES_AGGRESSIVE;
				GCC_WARN_UNUSED_FUNCTION = YES;
				GCC_WARN_UNUSED_VARIABLE = YES;
				MACOSX_DEPLOYMENT_TARGET = 15.0;
				MTL_ENABLE_DEBUG_INFO = NO;
				MTL_FAST_MATH = YES;
				SDKROOT = macosx;
				STRING_CATALOG_GENERATE_SYMBOLS = YES;
				SWIFT_COMPILATION_MODE = wholemodule;
			};
			name = Release;
		};
		F7000002F7000002 /* Debug */ = {
			isa = XCBuildConfiguration;
			buildSettings = {
				ASSETCATALOG_COMPILER_APPICON_NAME = AppIcon;
				ASSETCATALOG_COMPILER_GLOBAL_ACCENT_COLOR_NAME = AccentColor;
				ASSETCATALOG_COMPILER_INCLUDE_ALL_APPICON_ASSETS = YES;
				CODE_SIGN_ENTITLEMENTS = HiDocu/HiDocu.entitlements;
				CODE_SIGN_STYLE = Automatic;
				COMBINE_HIDPI_IMAGES = YES;
				CURRENT_PROJECT_VERSION = 1;
				DEAD_CODE_STRIPPING = YES;
				DEVELOPMENT_ASSET_PATHS = "";
				DEVELOPMENT_TEAM = AJW4V2TF38;
				ENABLE_APP_SANDBOX = NO;
				ENABLE_HARDENED_RUNTIME = YES;
				ENABLE_OUTGOING_NETWORK_CONNECTIONS = YES;
				ENABLE_PREVIEWS = YES;
				ENABLE_RESOURCE_ACCESS_USB = YES;
				ENABLE_USER_SELECTED_FILES = readwrite;
				GENERATE_INFOPLIST_FILE = YES;
				INFOPLIST_FILE = HiDocu/Info.plist;
				INFOPLIST_KEY_CFBundleDisplayName = HiDocu;
				INFOPLIST_KEY_LSApplicationCategoryType = "public.app-category.productivity";
				INFOPLIST_KEY_NSHumanReadableCopyright = "Copyright © 2024 HiDocu. MIT License.";
				LD_RUNPATH_SEARCH_PATHS = (
					"$(inherited)",
					"@executable_path/../Frameworks",
				);
				LIBRARY_SEARCH_PATHS = (
					"$(SRCROOT)/HiDocu/Presentation/ViewModels",
					"$(SRCROOT)/HiDocu/Presentation/Views/Device",
				);
				MARKETING_VERSION = 0.1.0;
				PRODUCT_BUNDLE_IDENTIFIER = com.hidocu.app;
				PRODUCT_NAME = "$(TARGET_NAME)";
				SWIFT_EMIT_LOC_STRINGS = YES;
				SWIFT_VERSION = 5.0;
			};
			name = Debug;
		};
		F7000003F7000003 /* Release */ = {
			isa = XCBuildConfiguration;
			buildSettings = {
				ASSETCATALOG_COMPILER_APPICON_NAME = AppIcon;
				ASSETCATALOG_COMPILER_GLOBAL_ACCENT_COLOR_NAME = AccentColor;
				ASSETCATALOG_COMPILER_INCLUDE_ALL_APPICON_ASSETS = YES;
				CODE_SIGN_ENTITLEMENTS = HiDocu/HiDocu.entitlements;
				CODE_SIGN_STYLE = Automatic;
				COMBINE_HIDPI_IMAGES = YES;
				CURRENT_PROJECT_VERSION = 1;
				DEAD_CODE_STRIPPING = YES;
				DEVELOPMENT_ASSET_PATHS = "";
				DEVELOPMENT_TEAM = AJW4V2TF38;
				ENABLE_APP_SANDBOX = NO;
				ENABLE_HARDENED_RUNTIME = YES;
				ENABLE_OUTGOING_NETWORK_CONNECTIONS = YES;
				ENABLE_PREVIEWS = YES;
				ENABLE_RESOURCE_ACCESS_USB = YES;
				ENABLE_USER_SELECTED_FILES = readwrite;
				GENERATE_INFOPLIST_FILE = YES;
				INFOPLIST_FILE = HiDocu/Info.plist;
				INFOPLIST_KEY_CFBundleDisplayName = HiDocu;
				INFOPLIST_KEY_LSApplicationCategoryType = "public.app-category.productivity";
				INFOPLIST_KEY_NSHumanReadableCopyright = "Copyright © 2024 HiDocu. MIT License.";
				LD_RUNPATH_SEARCH_PATHS = (
					"$(inherited)",
					"@executable_path/../Frameworks",
				);
				LIBRARY_SEARCH_PATHS = (
					"$(SRCROOT)/HiDocu/Presentation/ViewModels",
					"$(SRCROOT)/HiDocu/Presentation/Views/Device",
				);
				MARKETING_VERSION = 0.1.0;
				PRODUCT_BUNDLE_IDENTIFIER = com.hidocu.app;
				PRODUCT_NAME = "$(TARGET_NAME)";
				SWIFT_EMIT_LOC_STRINGS = YES;
				SWIFT_VERSION = 5.0;
			};
			name = Release;
		};
		F7A00000F7A00000 /* Debug */ = {
			isa = XCBuildConfiguration;
			buildSettings = {
				BUNDLE_LOADER = "$(TEST_HOST)";
				CODE_SIGN_STYLE = Automatic;
				CURRENT_PROJECT_VERSION = 1;
				DEAD_CODE_STRIPPING = YES;
				GENERATE_INFOPLIST_FILE = YES;
				LIBRARY_SEARCH_PATHS = (
					"$(SRCROOT)/HiDocu/Presentation/ViewModels",
					"$(SRCROOT)/HiDocu/Presentation/Views/Device",
				);
				MACOSX_DEPLOYMENT_TARGET = 15.0;
				MARKETING_VERSION = 1.0;
				PRODUCT_BUNDLE_IDENTIFIER = com.hidocu.HiDocuTests;
				PRODUCT_NAME = "$(TARGET_NAME)";
				SWIFT_EMIT_LOC_STRINGS = NO;
				SWIFT_VERSION = 5.0;
				TEST_HOST = "$(BUILT_PRODUCTS_DIR)/HiDocu.app/$(BUNDLE_EXECUTABLE_FOLDER_PATH)/HiDocu";
			};
			name = Debug;
		};
		F7A00001F7A00001 /* Release */ = {
			isa = XCBuildConfiguration;
			buildSettings = {
				BUNDLE_LOADER = "$(TEST_HOST)";
				CODE_SIGN_STYLE = Automatic;
				CURRENT_PROJECT_VERSION = 1;
				DEAD_CODE_STRIPPING = YES;
				GENERATE_INFOPLIST_FILE = YES;
				LIBRARY_SEARCH_PATHS = (
					"$(SRCROOT)/HiDocu/Presentation/ViewModels",
					"$(SRCROOT)/HiDocu/Presentation/Views/Device",
				);
				MACOSX_DEPLOYMENT_TARGET = 15.0;
				MARKETING_VERSION = 1.0;
				PRODUCT_BUNDLE_IDENTIFIER = com.hidocu.HiDocuTests;
				PRODUCT_NAME = "$(TARGET_NAME)";
				SWIFT_EMIT_LOC_STRINGS = NO;
				SWIFT_VERSION = 5.0;
				TEST_HOST = "$(BUILT_PRODUCTS_DIR)/HiDocu.app/$(BUNDLE_EXECUTABLE_FOLDER_PATH)/HiDocu";
			};
			name = Release;
		};
/* End XCBuildConfiguration section */

/* Begin XCConfigurationList section */
		F4000000F4000000 /* Build configuration list for PBXNativeTarget "HiDocu" */ = {
			isa = XCConfigurationList;
			buildConfigurations = (
				F7000002F7000002 /* Debug */,
				F7000003F7000003 /* Release */,
			);
			defaultConfigurationIsVisible = 0;
			defaultConfigurationName = Release;
		};
		F4000001F4000001 /* Build configuration list for PBXProject "HiDocu" */ = {
			isa = XCConfigurationList;
			buildConfigurations = (
				F7000000F7000000 /* Debug */,
				F7000001F7000001 /* Release */,
			);
			defaultConfigurationIsVisible = 0;
			defaultConfigurationName = Release;
		};
		F4A00000F4A00000 /* Build configuration list for PBXNativeTarget "HiDocuTests" */ = {
			isa = XCConfigurationList;
			buildConfigurations = (
				F7A00000F7A00000 /* Debug */,
				F7A00001F7A00001 /* Release */,
			);
			defaultConfigurationIsVisible = 0;
			defaultConfigurationName = Release;
		};
/* End XCConfigurationList section */

/* Begin XCLocalSwiftPackageReference section */
		F6000000F6000000 /* XCLocalSwiftPackageReference "JensenUSB" */ = {
			isa = XCLocalSwiftPackageReference;
			relativePath = ../JensenUSB;
		};
/* End XCLocalSwiftPackageReference section */

/* Begin XCRemoteSwiftPackageReference section */
		F6000001F6000001 /* XCRemoteSwiftPackageReference "GRDB.swift" */ = {
			isa = XCRemoteSwiftPackageReference;
			repositoryURL = "https://github.com/groue/GRDB.swift";
			requirement = {
				kind = upToNextMajorVersion;
				minimumVersion = 6.24.0;
			};
		};
		F6000002F6000002 /* XCRemoteSwiftPackageReference "textual" */ = {
			isa = XCRemoteSwiftPackageReference;
			repositoryURL = "https://github.com/gonzalezreal/textual";
			requirement = {
				kind = upToNextMinorVersion;
				minimumVersion = 0.3.0;
			};
		};
/* End XCRemoteSwiftPackageReference section */

/* Begin XCSwiftPackageProductDependency section */
		F0000051F0000051 /* JensenUSB */ = {
			isa = XCSwiftPackageProductDependency;
			productName = JensenUSB;
		};
		F0000053F0000053 /* GRDB */ = {
			isa = XCSwiftPackageProductDependency;
			package = F6000001F6000001 /* XCRemoteSwiftPackageReference "GRDB.swift" */;
			productName = GRDB;
		};
		F0000055F0000055 /* Textual */ = {
			isa = XCSwiftPackageProductDependency;
			package = F6000002F6000002 /* XCRemoteSwiftPackageReference "textual" */;
			productName = Textual;
		};
		F0A00053F0A00053 /* GRDB */ = {
			isa = XCSwiftPackageProductDependency;
			package = F6000001F6000001 /* XCRemoteSwiftPackageReference "GRDB.swift" */;
			productName = GRDB;
		};
/* End XCSwiftPackageProductDependency section */
	};
	rootObject = F5000000F5000000 /* Project object */;
}
